<?xml version="1.0" encoding="utf-8"?>
<Project ToolsVersion="4.0" xmlns="http://schemas.microsoft.com/developer/msbuild/2003">
  <ItemGroup>
    <Filter Include="Entry">
      <UniqueIdentifier>{93995380-89BD-4b04-88EB-625FBE52EBFB}</UniqueIdentifier>
      <Extensions>h;hh;hpp;hxx;hm;inl;inc;xsd</Extensions>
    </Filter>
    <Filter Include="Pch">
      <UniqueIdentifier>{dfb6fbe8-f810-472b-ab17-907277d18f04}</UniqueIdentifier>
    </Filter>
    <Filter Include="Classes">
      <UniqueIdentifier>{896f4af0-24bb-4d24-82c7-70261c555a23}</UniqueIdentifier>
    </Filter>
    <Filter Include="Kernel">
      <UniqueIdentifier>{24e98708-35c1-40f0-9c61-2768686d425e}</UniqueIdentifier>
    </Filter>
  </ItemGroup>
  <ItemGroup>
    <ClCompile Include="..\..\..\..\Tools\VeMaxPlugin\VeExportClass.cpp">
      <Filter>Classes</Filter>
    </ClCompile>
    <ClCompile Include="..\..\..\..\Tools\VeMaxPlugin\VeMaxEntry.cpp">
      <Filter>Entry</Filter>
    </ClCompile>
    <ClCompile Include="..\..\..\..\Tools\VeMaxPlugin\stdafx.cpp">
      <Filter>Pch</Filter>
    </ClCompile>
    <ClCompile Include="..\..\..\..\Tools\VeMaxPlugin\VeMaxSceneLoader.cpp">
      <Filter>Kernel</Filter>
    </ClCompile>
    <ClCompile Include="..\..\..\..\Tools\VeMaxPlugin\VeMaxOptimizer.cpp">
      <Filter>Kernel</Filter>
    </ClCompile>
    <ClCompile Include="..\..\..\..\Tools\VeMaxPlugin\VeMaxWriter.cpp">
      <Filter>Kernel</Filter>
    </ClCompile>
  </ItemGroup>
  <ItemGroup>
    <ClInclude Include="..\..\..\..\Tools\VeMaxPlugin\VeExportClass.h">
      <Filter>Classes</Filter>
    </ClInclude>
    <ClInclude Include="..\..\..\..\Tools\VeMaxPlugin\VeMaxEntry.h">
      <Filter>Entry</Filter>
    </ClInclude>
    <ClInclude Include="..\..\..\..\Tools\VeMaxPlugin\stdafx.h">
      <Filter>Pch</Filter>
    </ClInclude>
    <ClInclude Include="..\..\..\..\Tools\VeMaxPlugin\VeMaxSerializer.h">
      <Filter>Kernel</Filter>
    </ClInclude>
    <ClInclude Include="..\..\..\..\Tools\VeMaxPlugin\VeMaxSceneLoader.h">
      <Filter>Kernel</Filter>
    </ClInclude>
    <ClInclude Include="..\..\..\..\Tools\VeMaxPlugin\VeMaxScene.h">
      <Filter>Kernel</Filter>
    </ClInclude>
    <ClInclude Include="..\..\..\..\Tools\VeMaxPlugin\VeMaxNormalRender.h">
      <Filter>Kernel</Filter>
    </ClInclude>
    <ClInclude Include="..\..\..\..\Tools\VeMaxPlugin\VeMaxMix.h">
      <Filter>Kernel</Filter>
    </ClInclude>
    <ClInclude Include="..\..\..\..\Tools\VeMaxPlugin\VeMaxOptimizer.h">
      <Filter>Kernel</Filter>
    </ClInclude>
    <ClInclude Include="..\..\..\..\Tools\VeMaxPlugin\VeMaxWriter.h">
      <Filter>Kernel</Filter>
    </ClInclude>
  </ItemGroup>
  <ItemGroup>
    <None Include="VeMaxPlugin.def">
      <Filter>Entry</Filter>
    </None>
  </ItemGroup>
</Project>