// !$*UTF8*$!
{
	archiveVersion = 1;
	classes = {
	};
	objectVersion = 46;
	objects = {

/* Begin PBXBuildFile section */
		65179ECF1AA743C100B7E4E9 /* VeAllocator.inl in CopyFiles */ = {isa = PBXBuildFile; fileRef = 65179ECD1AA743AC00B7E4E9 /* VeAllocator.inl */; };
		6518AE7D1AAD7F7F00730D1D /* VeBinaryStream.cpp in Sources */ = {isa = PBXBuildFile; fileRef = 6518AE7A1AAD7F7F00730D1D /* VeBinaryStream.cpp */; };
		6518AE7E1AAD7F7F00730D1D /* VeBinaryStream.h in Headers */ = {isa = PBXBuildFile; fileRef = 6518AE7B1AAD7F7F00730D1D /* VeBinaryStream.h */; };
		6518AE801AAD7FB100730D1D /* VeBinaryStream.h in CopyFiles */ = {isa = PBXBuildFile; fileRef = 6518AE7B1AAD7F7F00730D1D /* VeBinaryStream.h */; };
		6518AE811AAD7FB100730D1D /* VeBinaryStream.inl in CopyFiles */ = {isa = PBXBuildFile; fileRef = 6518AE7C1AAD7F7F00730D1D /* VeBinaryStream.inl */; };
		6518AE851AADA29100730D1D /* VeMemoryStream.cpp in Sources */ = {isa = PBXBuildFile; fileRef = 6518AE821AADA29100730D1D /* VeMemoryStream.cpp */; };
		6518AE861AADA29100730D1D /* VeMemoryStream.h in Headers */ = {isa = PBXBuildFile; fileRef = 6518AE831AADA29100730D1D /* VeMemoryStream.h */; };
		6518AE871AADA2A900730D1D /* VeMemoryStream.h in CopyFiles */ = {isa = PBXBuildFile; fileRef = 6518AE831AADA29100730D1D /* VeMemoryStream.h */; };
		6518AE881AADA2A900730D1D /* VeMemoryStream.inl in CopyFiles */ = {isa = PBXBuildFile; fileRef = 6518AE841AADA29100730D1D /* VeMemoryStream.inl */; };
		6518AEA31AAEEADA00730D1D /* VeTaskQueue.cpp in Sources */ = {isa = PBXBuildFile; fileRef = 6518AEA01AAEEADA00730D1D /* VeTaskQueue.cpp */; };
		6518AEA41AAEEADA00730D1D /* VeTaskQueue.h in Headers */ = {isa = PBXBuildFile; fileRef = 6518AEA11AAEEADA00730D1D /* VeTaskQueue.h */; };
		6518AEAC1AAEEB0A00730D1D /* VeDirectory.cpp in Sources */ = {isa = PBXBuildFile; fileRef = 6518AEA51AAEEB0A00730D1D /* VeDirectory.cpp */; };
		6518AEAD1AAEEB0A00730D1D /* VeDirectory.h in Headers */ = {isa = PBXBuildFile; fileRef = 6518AEA61AAEEB0A00730D1D /* VeDirectory.h */; };
		6518AEAE1AAEEB0A00730D1D /* VeFile.cpp in Sources */ = {isa = PBXBuildFile; fileRef = 6518AEA71AAEEB0A00730D1D /* VeFile.cpp */; };
		6518AEAF1AAEEB0A00730D1D /* VeFile.h in Headers */ = {isa = PBXBuildFile; fileRef = 6518AEA81AAEEB0A00730D1D /* VeFile.h */; };
		6518AEB01AAEEB0A00730D1D /* VeResourceManager.cpp in Sources */ = {isa = PBXBuildFile; fileRef = 6518AEA91AAEEB0A00730D1D /* VeResourceManager.cpp */; };
		6518AEB11AAEEB0A00730D1D /* VeResourceManager.h in Headers */ = {isa = PBXBuildFile; fileRef = 6518AEAA1AAEEB0A00730D1D /* VeResourceManager.h */; };
		6518AEB21AAEEB4600730D1D /* VeTaskQueue.h in CopyFiles */ = {isa = PBXBuildFile; fileRef = 6518AEA11AAEEADA00730D1D /* VeTaskQueue.h */; };
		6518AEB31AAEEB4600730D1D /* VeTaskQueue.inl in CopyFiles */ = {isa = PBXBuildFile; fileRef = 6518AEA21AAEEADA00730D1D /* VeTaskQueue.inl */; };
		6518AEB41AAEEB4600730D1D /* VeDirectory.h in CopyFiles */ = {isa = PBXBuildFile; fileRef = 6518AEA61AAEEB0A00730D1D /* VeDirectory.h */; };
		6518AEB51AAEEB4600730D1D /* VeFile.h in CopyFiles */ = {isa = PBXBuildFile; fileRef = 6518AEA81AAEEB0A00730D1D /* VeFile.h */; };
		6518AEB61AAEEB4600730D1D /* VeResourceManager.h in CopyFiles */ = {isa = PBXBuildFile; fileRef = 6518AEAA1AAEEB0A00730D1D /* VeResourceManager.h */; };
		6518AEB71AAEEB4600730D1D /* VeResourceManager.inl in CopyFiles */ = {isa = PBXBuildFile; fileRef = 6518AEAB1AAEEB0A00730D1D /* VeResourceManager.inl */; };
		6518AED51AAF13C500730D1D /* VeFile.inl in CopyFiles */ = {isa = PBXBuildFile; fileRef = 6518AED41AAF139F00730D1D /* VeFile.inl */; };
		652B050E1AB2DA8100D7597A /* VeAsset.h in Headers */ = {isa = PBXBuildFile; fileRef = 652B050C1AB2DA8000D7597A /* VeAsset.h */; };
		652B050F1AB2DA9200D7597A /* VeAsset.h in CopyFiles */ = {isa = PBXBuildFile; fileRef = 652B050C1AB2DA8000D7597A /* VeAsset.h */; };
		652EE6631B836E7F005CA802 /* VeCPUInfo.cpp in Sources */ = {isa = PBXBuildFile; fileRef = 652EE6611B836E7F005CA802 /* VeCPUInfo.cpp */; };
		652EE6641B836E7F005CA802 /* VeCPUInfo.h in Headers */ = {isa = PBXBuildFile; fileRef = 652EE6621B836E7F005CA802 /* VeCPUInfo.h */; };
		652EE6651B836EA0005CA802 /* VeCPUInfo.h in CopyFiles */ = {isa = PBXBuildFile; fileRef = 652EE6621B836E7F005CA802 /* VeCPUInfo.h */; };
		652EE6661B836EA0005CA802 /* VeSharedLib.h in CopyFiles */ = {isa = PBXBuildFile; fileRef = 653E88481B81C8EB00DDD5BF /* VeSharedLib.h */; };
		652EE6671B836EA0005CA802 /* VeTime.h in CopyFiles */ = {isa = PBXBuildFile; fileRef = 653E884A1B81C8EB00DDD5BF /* VeTime.h */; };
		652EE6681B836EA0005CA802 /* VeTime.inl in CopyFiles */ = {isa = PBXBuildFile; fileRef = 653E884B1B81C8EB00DDD5BF /* VeTime.inl */; };
		653B0B941BA2F57600D5C47F /* VeJSON.cpp in Sources */ = {isa = PBXBuildFile; fileRef = 653B0B8A1BA2F57500D5C47F /* VeJSON.cpp */; };
		653B0B951BA2F57600D5C47F /* VeJSON.h in Headers */ = {isa = PBXBuildFile; fileRef = 653B0B8B1BA2F57500D5C47F /* VeJSON.h */; };
		653B0B961BA2F57600D5C47F /* VeParser.cpp in Sources */ = {isa = PBXBuildFile; fileRef = 653B0B8C1BA2F57500D5C47F /* VeParser.cpp */; };
		653B0B971BA2F57600D5C47F /* VeParser.h in Headers */ = {isa = PBXBuildFile; fileRef = 653B0B8D1BA2F57500D5C47F /* VeParser.h */; };
		653B0B981BA2F57600D5C47F /* VeResource.cpp in Sources */ = {isa = PBXBuildFile; fileRef = 653B0B8E1BA2F57500D5C47F /* VeResource.cpp */; };
		653B0B991BA2F57600D5C47F /* VeResource.h in Headers */ = {isa = PBXBuildFile; fileRef = 653B0B8F1BA2F57500D5C47F /* VeResource.h */; };
		653B0B9A1BA2F57600D5C47F /* VeResourceGroup.cpp in Sources */ = {isa = PBXBuildFile; fileRef = 653B0B911BA2F57500D5C47F /* VeResourceGroup.cpp */; };
		653B0B9B1BA2F57600D5C47F /* VeResourceGroup.h in Headers */ = {isa = PBXBuildFile; fileRef = 653B0B921BA2F57500D5C47F /* VeResourceGroup.h */; };
		653B0B9C1BA2F62600D5C47F /* VeJSON.h in CopyFiles */ = {isa = PBXBuildFile; fileRef = 653B0B8B1BA2F57500D5C47F /* VeJSON.h */; };
		653B0B9D1BA2F62600D5C47F /* VeParser.h in CopyFiles */ = {isa = PBXBuildFile; fileRef = 653B0B8D1BA2F57500D5C47F /* VeParser.h */; };
		653B0B9E1BA2F62600D5C47F /* VeResource.h in CopyFiles */ = {isa = PBXBuildFile; fileRef = 653B0B8F1BA2F57500D5C47F /* VeResource.h */; };
		653B0B9F1BA2F62600D5C47F /* VeResource.inl in CopyFiles */ = {isa = PBXBuildFile; fileRef = 653B0B901BA2F57500D5C47F /* VeResource.inl */; };
		653B0BA01BA2F62600D5C47F /* VeResourceGroup.h in CopyFiles */ = {isa = PBXBuildFile; fileRef = 653B0B921BA2F57500D5C47F /* VeResourceGroup.h */; };
		653B0BA11BA2F62600D5C47F /* VeResourceGroup.inl in CopyFiles */ = {isa = PBXBuildFile; fileRef = 653B0B931BA2F57600D5C47F /* VeResourceGroup.inl */; };
		653E884C1B81C8EB00DDD5BF /* VeSharedLib.cpp in Sources */ = {isa = PBXBuildFile; fileRef = 653E88471B81C8EB00DDD5BF /* VeSharedLib.cpp */; };
		653E884D1B81C8EB00DDD5BF /* VeSharedLib.h in Headers */ = {isa = PBXBuildFile; fileRef = 653E88481B81C8EB00DDD5BF /* VeSharedLib.h */; };
		653E884E1B81C8EB00DDD5BF /* VeTime.cpp in Sources */ = {isa = PBXBuildFile; fileRef = 653E88491B81C8EB00DDD5BF /* VeTime.cpp */; };
		653E884F1B81C8EB00DDD5BF /* VeTime.h in Headers */ = {isa = PBXBuildFile; fileRef = 653E884A1B81C8EB00DDD5BF /* VeTime.h */; };
		653E88501B81CB2F00DDD5BF /* VeAllocator.inl in Headers */ = {isa = PBXBuildFile; fileRef = 65179ECD1AA743AC00B7E4E9 /* VeAllocator.inl */; };
		653E88511B81CB2F00DDD5BF /* VeLog.inl in Headers */ = {isa = PBXBuildFile; fileRef = 655ABB9F1AA48ED700C1DBE2 /* VeLog.inl */; };
		653E88521B81CB2F00DDD5BF /* VeMemory.inl in Headers */ = {isa = PBXBuildFile; fileRef = 65474B6C1A97A1A8009834C9 /* VeMemory.inl */; };
		653E88531B81CB2F00DDD5BF /* VeRefObject.inl in Headers */ = {isa = PBXBuildFile; fileRef = 65474B741A97A1A8009834C9 /* VeRefObject.inl */; };
		653E88541B81CB2F00DDD5BF /* VeSystem.inl in Headers */ = {isa = PBXBuildFile; fileRef = 657899BD1AA5B8CF00220531 /* VeSystem.inl */; };
		653E88551B81CB2F00DDD5BF /* VeTaskQueue.inl in Headers */ = {isa = PBXBuildFile; fileRef = 6518AEA21AAEEADA00730D1D /* VeTaskQueue.inl */; };
		653E88561B81CB2F00DDD5BF /* VeThread.inl in Headers */ = {isa = PBXBuildFile; fileRef = 65474B781A97A1A8009834C9 /* VeThread.inl */; };
		653E88571B81CB2F00DDD5BF /* VeTime.inl in Headers */ = {isa = PBXBuildFile; fileRef = 653E884B1B81C8EB00DDD5BF /* VeTime.inl */; };
		653E88581B81CB2F00DDD5BF /* VeBinaryStream.inl in Headers */ = {isa = PBXBuildFile; fileRef = 6518AE7C1AAD7F7F00730D1D /* VeBinaryStream.inl */; };
		653E88591B81CB2F00DDD5BF /* VeFile.inl in Headers */ = {isa = PBXBuildFile; fileRef = 6518AED41AAF139F00730D1D /* VeFile.inl */; };
		653E885A1B81CB2F00DDD5BF /* VeMemoryStream.inl in Headers */ = {isa = PBXBuildFile; fileRef = 6518AE841AADA29100730D1D /* VeMemoryStream.inl */; };
		653E885B1B81CB2F00DDD5BF /* VeResourceManager.inl in Headers */ = {isa = PBXBuildFile; fileRef = 6518AEAB1AAEEB0A00730D1D /* VeResourceManager.inl */; };
		653E88601B83684D00DDD5BF /* CoreFoundation.framework in Frameworks */ = {isa = PBXBuildFile; fileRef = 653E885F1B83684D00DDD5BF /* CoreFoundation.framework */; };
		65474B7A1A97A1A8009834C9 /* VeMemObject.cpp in Sources */ = {isa = PBXBuildFile; fileRef = 65474B681A97A1A8009834C9 /* VeMemObject.cpp */; };
		65474B7B1A97A1A8009834C9 /* VeMemObject.h in Headers */ = {isa = PBXBuildFile; fileRef = 65474B691A97A1A8009834C9 /* VeMemObject.h */; };
		65474B7C1A97A1A8009834C9 /* VeMemory.cpp in Sources */ = {isa = PBXBuildFile; fileRef = 65474B6A1A97A1A8009834C9 /* VeMemory.cpp */; };
		65474B7D1A97A1A8009834C9 /* VeMemory.h in Headers */ = {isa = PBXBuildFile; fileRef = 65474B6B1A97A1A8009834C9 /* VeMemory.h */; };
		65474B7F1A97A1A8009834C9 /* VePower.cpp in Sources */ = {isa = PBXBuildFile; fileRef = 65474B6E1A97A1A8009834C9 /* VePower.cpp */; };
		65474B801A97A1A8009834C9 /* VePower.h in Headers */ = {isa = PBXBuildFile; fileRef = 65474B6F1A97A1A8009834C9 /* VePower.h */; };
		65474B811A97A1A8009834C9 /* VePowerPch.cpp in Sources */ = {isa = PBXBuildFile; fileRef = 65474B701A97A1A8009834C9 /* VePowerPch.cpp */; };
		65474B821A97A1A8009834C9 /* VePowerPch.h in Headers */ = {isa = PBXBuildFile; fileRef = 65474B711A97A1A8009834C9 /* VePowerPch.h */; };
		65474B831A97A1A8009834C9 /* VeRefObject.cpp in Sources */ = {isa = PBXBuildFile; fileRef = 65474B721A97A1A8009834C9 /* VeRefObject.cpp */; };
		65474B841A97A1A8009834C9 /* VeRefObject.h in Headers */ = {isa = PBXBuildFile; fileRef = 65474B731A97A1A8009834C9 /* VeRefObject.h */; };
		65474B851A97A1A8009834C9 /* VeTemplate.h in Headers */ = {isa = PBXBuildFile; fileRef = 65474B751A97A1A8009834C9 /* VeTemplate.h */; };
		65474B861A97A1A8009834C9 /* VeThread.cpp in Sources */ = {isa = PBXBuildFile; fileRef = 65474B761A97A1A8009834C9 /* VeThread.cpp */; };
		65474B871A97A1A8009834C9 /* VeThread.h in Headers */ = {isa = PBXBuildFile; fileRef = 65474B771A97A1A8009834C9 /* VeThread.h */; };
		65474B8C1A97A2C8009834C9 /* libVePower.a in CopyFiles */ = {isa = PBXBuildFile; fileRef = 65474B591A97A165009834C9 /* libVePower.a */; };
		65474B8E1A97A2E6009834C9 /* VeMemObject.h in CopyFiles */ = {isa = PBXBuildFile; fileRef = 65474B691A97A1A8009834C9 /* VeMemObject.h */; };
		65474B8F1A97A2E6009834C9 /* VeMemory.h in CopyFiles */ = {isa = PBXBuildFile; fileRef = 65474B6B1A97A1A8009834C9 /* VeMemory.h */; };
		65474B911A97A2E6009834C9 /* VePower.h in CopyFiles */ = {isa = PBXBuildFile; fileRef = 65474B6F1A97A1A8009834C9 /* VePower.h */; };
		65474B921A97A2E6009834C9 /* VePowerPch.h in CopyFiles */ = {isa = PBXBuildFile; fileRef = 65474B711A97A1A8009834C9 /* VePowerPch.h */; };
		65474B931A97A2E6009834C9 /* VeRefObject.h in CopyFiles */ = {isa = PBXBuildFile; fileRef = 65474B731A97A1A8009834C9 /* VeRefObject.h */; };
		65474B941A97A2E6009834C9 /* VeTemplate.h in CopyFiles */ = {isa = PBXBuildFile; fileRef = 65474B751A97A1A8009834C9 /* VeTemplate.h */; };
		65474B951A97A2E6009834C9 /* VeThread.h in CopyFiles */ = {isa = PBXBuildFile; fileRef = 65474B771A97A1A8009834C9 /* VeThread.h */; };
		65474B971A97A2F0009834C9 /* VeMemory.inl in CopyFiles */ = {isa = PBXBuildFile; fileRef = 65474B6C1A97A1A8009834C9 /* VeMemory.inl */; };
		65474B981A97A2F0009834C9 /* VeRefObject.inl in CopyFiles */ = {isa = PBXBuildFile; fileRef = 65474B741A97A1A8009834C9 /* VeRefObject.inl */; };
		65474B991A97A2F0009834C9 /* VeThread.inl in CopyFiles */ = {isa = PBXBuildFile; fileRef = 65474B781A97A1A8009834C9 /* VeThread.inl */; };
		655ABBA01AA48ED700C1DBE2 /* VeLog.cpp in Sources */ = {isa = PBXBuildFile; fileRef = 655ABB9D1AA48ED700C1DBE2 /* VeLog.cpp */; };
		655ABBA11AA48ED700C1DBE2 /* VeLog.h in Headers */ = {isa = PBXBuildFile; fileRef = 655ABB9E1AA48ED700C1DBE2 /* VeLog.h */; };
		655ABBA21AA48EE800C1DBE2 /* VeLog.h in CopyFiles */ = {isa = PBXBuildFile; fileRef = 655ABB9E1AA48ED700C1DBE2 /* VeLog.h */; };
		655ABBA31AA48EE800C1DBE2 /* VeLog.inl in CopyFiles */ = {isa = PBXBuildFile; fileRef = 655ABB9F1AA48ED700C1DBE2 /* VeLog.inl */; };
		657899BE1AA5B8CF00220531 /* VeSystem.cpp in Sources */ = {isa = PBXBuildFile; fileRef = 657899BB1AA5B8CF00220531 /* VeSystem.cpp */; };
		657899BF1AA5B8CF00220531 /* VeSystem.h in Headers */ = {isa = PBXBuildFile; fileRef = 657899BC1AA5B8CF00220531 /* VeSystem.h */; };
		657899C01AA5B8DE00220531 /* VeSystem.h in CopyFiles */ = {isa = PBXBuildFile; fileRef = 657899BC1AA5B8CF00220531 /* VeSystem.h */; };
		657899C11AA5B8DE00220531 /* VeSystem.inl in CopyFiles */ = {isa = PBXBuildFile; fileRef = 657899BD1AA5B8CF00220531 /* VeSystem.inl */; };
		657899C61AA6CCB600220531 /* VeAllocator.cpp in Sources */ = {isa = PBXBuildFile; fileRef = 657899C21AA6CCB600220531 /* VeAllocator.cpp */; };
		657899C71AA6CCB600220531 /* VeAllocator.h in Headers */ = {isa = PBXBuildFile; fileRef = 657899C31AA6CCB600220531 /* VeAllocator.h */; };
		657899CA1AA6CCCB00220531 /* VeAllocator.h in CopyFiles */ = {isa = PBXBuildFile; fileRef = 657899C31AA6CCB600220531 /* VeAllocator.h */; };
		6585E50E1AA840EC00106675 /* VeRefList.h in Headers */ = {isa = PBXBuildFile; fileRef = 6585E50D1AA840EC00106675 /* VeRefList.h */; };
		6585E50F1AA8416C00106675 /* VeRefList.h in CopyFiles */ = {isa = PBXBuildFile; fileRef = 6585E50D1AA840EC00106675 /* VeRefList.h */; };
		65A7E96E1A98907E00FC2A37 /* VeRTTI.h in Headers */ = {isa = PBXBuildFile; fileRef = 65A7E96B1A98907E00FC2A37 /* VeRTTI.h */; };
		65A7E96F1A98909500FC2A37 /* VeRTTI.h in CopyFiles */ = {isa = PBXBuildFile; fileRef = 65A7E96B1A98907E00FC2A37 /* VeRTTI.h */; };
		65EA71901A9A3D3200D3CE1A /* VeSmartPointer.h in Headers */ = {isa = PBXBuildFile; fileRef = 65EA718F1A9A3D3200D3CE1A /* VeSmartPointer.h */; };
		65EA71941A9A4F0000D3CE1A /* VeSingleton.h in Headers */ = {isa = PBXBuildFile; fileRef = 65EA71911A9A4F0000D3CE1A /* VeSingleton.h */; };
		65EA71951A9A4F0000D3CE1A /* VeString.cpp in Sources */ = {isa = PBXBuildFile; fileRef = 65EA71921A9A4F0000D3CE1A /* VeString.cpp */; };
		65EA71961A9A4F0000D3CE1A /* VeString.h in Headers */ = {isa = PBXBuildFile; fileRef = 65EA71931A9A4F0000D3CE1A /* VeString.h */; };
		65EA71971A9A4F2700D3CE1A /* VeString.h in CopyFiles */ = {isa = PBXBuildFile; fileRef = 65EA71931A9A4F0000D3CE1A /* VeString.h */; };
		65EA71981A9A4F2700D3CE1A /* VeSingleton.h in CopyFiles */ = {isa = PBXBuildFile; fileRef = 65EA71911A9A4F0000D3CE1A /* VeSingleton.h */; };
		65EA71991A9A4F2700D3CE1A /* VeSmartPointer.h in CopyFiles */ = {isa = PBXBuildFile; fileRef = 65EA718F1A9A3D3200D3CE1A /* VeSmartPointer.h */; };
/* End PBXBuildFile section */

/* Begin PBXCopyFilesBuildPhase section */
		65474B8B1A97A29A009834C9 /* CopyFiles */ = {
			isa = PBXCopyFilesBuildPhase;
			buildActionMask = 2147483647;
			dstPath = "${SRCROOT}/../../../SDK/OSX/${CONFIGURATION}";
			dstSubfolderSpec = 0;
			files = (
				65474B8C1A97A2C8009834C9 /* libVePower.a in CopyFiles */,
			);
			runOnlyForDeploymentPostprocessing = 0;
		};
		65474B8D1A97A2CB009834C9 /* CopyFiles */ = {
			isa = PBXCopyFilesBuildPhase;
			buildActionMask = 2147483647;
			dstPath = "${SRCROOT}/../../../SDK/Include";
			dstSubfolderSpec = 0;
			files = (
				653B0B9C1BA2F62600D5C47F /* VeJSON.h in CopyFiles */,
				653B0B9D1BA2F62600D5C47F /* VeParser.h in CopyFiles */,
				653B0B9E1BA2F62600D5C47F /* VeResource.h in CopyFiles */,
				653B0B9F1BA2F62600D5C47F /* VeResource.inl in CopyFiles */,
				653B0BA01BA2F62600D5C47F /* VeResourceGroup.h in CopyFiles */,
				653B0BA11BA2F62600D5C47F /* VeResourceGroup.inl in CopyFiles */,
				652EE6651B836EA0005CA802 /* VeCPUInfo.h in CopyFiles */,
				652EE6661B836EA0005CA802 /* VeSharedLib.h in CopyFiles */,
				652EE6671B836EA0005CA802 /* VeTime.h in CopyFiles */,
				652EE6681B836EA0005CA802 /* VeTime.inl in CopyFiles */,
				652B050F1AB2DA9200D7597A /* VeAsset.h in CopyFiles */,
				6518AED51AAF13C500730D1D /* VeFile.inl in CopyFiles */,
				6518AEB21AAEEB4600730D1D /* VeTaskQueue.h in CopyFiles */,
				6518AEB31AAEEB4600730D1D /* VeTaskQueue.inl in CopyFiles */,
				6518AEB41AAEEB4600730D1D /* VeDirectory.h in CopyFiles */,
				6518AEB51AAEEB4600730D1D /* VeFile.h in CopyFiles */,
				6518AEB61AAEEB4600730D1D /* VeResourceManager.h in CopyFiles */,
				6518AEB71AAEEB4600730D1D /* VeResourceManager.inl in CopyFiles */,
				6518AE871AADA2A900730D1D /* VeMemoryStream.h in CopyFiles */,
				6518AE881AADA2A900730D1D /* VeMemoryStream.inl in CopyFiles */,
				6518AE801AAD7FB100730D1D /* VeBinaryStream.h in CopyFiles */,
				6518AE811AAD7FB100730D1D /* VeBinaryStream.inl in CopyFiles */,
				6585E50F1AA8416C00106675 /* VeRefList.h in CopyFiles */,
				65179ECF1AA743C100B7E4E9 /* VeAllocator.inl in CopyFiles */,
				657899CA1AA6CCCB00220531 /* VeAllocator.h in CopyFiles */,
				657899C01AA5B8DE00220531 /* VeSystem.h in CopyFiles */,
				657899C11AA5B8DE00220531 /* VeSystem.inl in CopyFiles */,
				655ABBA21AA48EE800C1DBE2 /* VeLog.h in CopyFiles */,
				655ABBA31AA48EE800C1DBE2 /* VeLog.inl in CopyFiles */,
				65EA71971A9A4F2700D3CE1A /* VeString.h in CopyFiles */,
				65EA71981A9A4F2700D3CE1A /* VeSingleton.h in CopyFiles */,
				65EA71991A9A4F2700D3CE1A /* VeSmartPointer.h in CopyFiles */,
				65A7E96F1A98909500FC2A37 /* VeRTTI.h in CopyFiles */,
				65474B971A97A2F0009834C9 /* VeMemory.inl in CopyFiles */,
				65474B981A97A2F0009834C9 /* VeRefObject.inl in CopyFiles */,
				65474B991A97A2F0009834C9 /* VeThread.inl in CopyFiles */,
				65474B8E1A97A2E6009834C9 /* VeMemObject.h in CopyFiles */,
				65474B8F1A97A2E6009834C9 /* VeMemory.h in CopyFiles */,
				65474B911A97A2E6009834C9 /* VePower.h in CopyFiles */,
				65474B921A97A2E6009834C9 /* VePowerPch.h in CopyFiles */,
				65474B931A97A2E6009834C9 /* VeRefObject.h in CopyFiles */,
				65474B941A97A2E6009834C9 /* VeTemplate.h in CopyFiles */,
				65474B951A97A2E6009834C9 /* VeThread.h in CopyFiles */,
			);
			runOnlyForDeploymentPostprocessing = 0;
		};
/* End PBXCopyFilesBuildPhase section */

/* Begin PBXFileReference section */
		65179ECD1AA743AC00B7E4E9 /* VeAllocator.inl */ = {isa = PBXFileReference; fileEncoding = 4; lastKnownFileType = text; name = VeAllocator.inl; path = ../../../Source/VePower/VeAllocator.inl; sourceTree = "<group>"; };
		6518AE7A1AAD7F7F00730D1D /* VeBinaryStream.cpp */ = {isa = PBXFileReference; fileEncoding = 4; lastKnownFileType = sourcecode.cpp.cpp; name = VeBinaryStream.cpp; path = ../../../Source/VePower/VeBinaryStream.cpp; sourceTree = "<group>"; };
		6518AE7B1AAD7F7F00730D1D /* VeBinaryStream.h */ = {isa = PBXFileReference; fileEncoding = 4; lastKnownFileType = sourcecode.c.h; name = VeBinaryStream.h; path = ../../../Source/VePower/VeBinaryStream.h; sourceTree = "<group>"; };
		6518AE7C1AAD7F7F00730D1D /* VeBinaryStream.inl */ = {isa = PBXFileReference; fileEncoding = 4; lastKnownFileType = text; name = VeBinaryStream.inl; path = ../../../Source/VePower/VeBinaryStream.inl; sourceTree = "<group>"; };
		6518AE821AADA29100730D1D /* VeMemoryStream.cpp */ = {isa = PBXFileReference; fileEncoding = 4; lastKnownFileType = sourcecode.cpp.cpp; name = VeMemoryStream.cpp; path = ../../../Source/VePower/VeMemoryStream.cpp; sourceTree = "<group>"; };
		6518AE831AADA29100730D1D /* VeMemoryStream.h */ = {isa = PBXFileReference; fileEncoding = 4; lastKnownFileType = sourcecode.c.h; name = VeMemoryStream.h; path = ../../../Source/VePower/VeMemoryStream.h; sourceTree = "<group>"; };
		6518AE841AADA29100730D1D /* VeMemoryStream.inl */ = {isa = PBXFileReference; fileEncoding = 4; lastKnownFileType = text; name = VeMemoryStream.inl; path = ../../../Source/VePower/VeMemoryStream.inl; sourceTree = "<group>"; };
		6518AEA01AAEEADA00730D1D /* VeTaskQueue.cpp */ = {isa = PBXFileReference; fileEncoding = 4; lastKnownFileType = sourcecode.cpp.cpp; name = VeTaskQueue.cpp; path = ../../../Source/VePower/VeTaskQueue.cpp; sourceTree = "<group>"; };
		6518AEA11AAEEADA00730D1D /* VeTaskQueue.h */ = {isa = PBXFileReference; fileEncoding = 4; lastKnownFileType = sourcecode.c.h; name = VeTaskQueue.h; path = ../../../Source/VePower/VeTaskQueue.h; sourceTree = "<group>"; };
		6518AEA21AAEEADA00730D1D /* VeTaskQueue.inl */ = {isa = PBXFileReference; fileEncoding = 4; lastKnownFileType = text; name = VeTaskQueue.inl; path = ../../../Source/VePower/VeTaskQueue.inl; sourceTree = "<group>"; };
		6518AEA51AAEEB0A00730D1D /* VeDirectory.cpp */ = {isa = PBXFileReference; fileEncoding = 4; lastKnownFileType = sourcecode.cpp.cpp; name = VeDirectory.cpp; path = ../../../Source/VePower/VeDirectory.cpp; sourceTree = "<group>"; };
		6518AEA61AAEEB0A00730D1D /* VeDirectory.h */ = {isa = PBXFileReference; fileEncoding = 4; lastKnownFileType = sourcecode.c.h; name = VeDirectory.h; path = ../../../Source/VePower/VeDirectory.h; sourceTree = "<group>"; };
		6518AEA71AAEEB0A00730D1D /* VeFile.cpp */ = {isa = PBXFileReference; fileEncoding = 4; lastKnownFileType = sourcecode.cpp.cpp; name = VeFile.cpp; path = ../../../Source/VePower/VeFile.cpp; sourceTree = "<group>"; };
		6518AEA81AAEEB0A00730D1D /* VeFile.h */ = {isa = PBXFileReference; fileEncoding = 4; lastKnownFileType = sourcecode.c.h; name = VeFile.h; path = ../../../Source/VePower/VeFile.h; sourceTree = "<group>"; };
		6518AEA91AAEEB0A00730D1D /* VeResourceManager.cpp */ = {isa = PBXFileReference; fileEncoding = 4; lastKnownFileType = sourcecode.cpp.cpp; name = VeResourceManager.cpp; path = ../../../Source/VePower/VeResourceManager.cpp; sourceTree = "<group>"; };
		6518AEAA1AAEEB0A00730D1D /* VeResourceManager.h */ = {isa = PBXFileReference; fileEncoding = 4; lastKnownFileType = sourcecode.c.h; name = VeResourceManager.h; path = ../../../Source/VePower/VeResourceManager.h; sourceTree = "<group>"; };
		6518AEAB1AAEEB0A00730D1D /* VeResourceManager.inl */ = {isa = PBXFileReference; fileEncoding = 4; lastKnownFileType = text; name = VeResourceManager.inl; path = ../../../Source/VePower/VeResourceManager.inl; sourceTree = "<group>"; };
		6518AED41AAF139F00730D1D /* VeFile.inl */ = {isa = PBXFileReference; fileEncoding = 4; lastKnownFileType = text; name = VeFile.inl; path = ../../../Source/VePower/VeFile.inl; sourceTree = "<group>"; };
		652B050C1AB2DA8000D7597A /* VeAsset.h */ = {isa = PBXFileReference; fileEncoding = 4; lastKnownFileType = sourcecode.c.h; name = VeAsset.h; path = ../../../Source/VePower/VeAsset.h; sourceTree = "<group>"; };
		652EE6611B836E7F005CA802 /* VeCPUInfo.cpp */ = {isa = PBXFileReference; fileEncoding = 4; lastKnownFileType = sourcecode.cpp.cpp; name = VeCPUInfo.cpp; path = ../../../Source/VePower/VeCPUInfo.cpp; sourceTree = "<group>"; };
		652EE6621B836E7F005CA802 /* VeCPUInfo.h */ = {isa = PBXFileReference; fileEncoding = 4; lastKnownFileType = sourcecode.c.h; name = VeCPUInfo.h; path = ../../../Source/VePower/VeCPUInfo.h; sourceTree = "<group>"; };
		653B0B8A1BA2F57500D5C47F /* VeJSON.cpp */ = {isa = PBXFileReference; fileEncoding = 4; lastKnownFileType = sourcecode.cpp.cpp; name = VeJSON.cpp; path = ../../../Source/VePower/VeJSON.cpp; sourceTree = "<group>"; };
		653B0B8B1BA2F57500D5C47F /* VeJSON.h */ = {isa = PBXFileReference; fileEncoding = 4; lastKnownFileType = sourcecode.c.h; name = VeJSON.h; path = ../../../Source/VePower/VeJSON.h; sourceTree = "<group>"; };
		653B0B8C1BA2F57500D5C47F /* VeParser.cpp */ = {isa = PBXFileReference; fileEncoding = 4; lastKnownFileType = sourcecode.cpp.cpp; name = VeParser.cpp; path = ../../../Source/VePower/VeParser.cpp; sourceTree = "<group>"; };
		653B0B8D1BA2F57500D5C47F /* VeParser.h */ = {isa = PBXFileReference; fileEncoding = 4; lastKnownFileType = sourcecode.c.h; name = VeParser.h; path = ../../../Source/VePower/VeParser.h; sourceTree = "<group>"; };
		653B0B8E1BA2F57500D5C47F /* VeResource.cpp */ = {isa = PBXFileReference; fileEncoding = 4; lastKnownFileType = sourcecode.cpp.cpp; name = VeResource.cpp; path = ../../../Source/VePower/VeResource.cpp; sourceTree = "<group>"; };
		653B0B8F1BA2F57500D5C47F /* VeResource.h */ = {isa = PBXFileReference; fileEncoding = 4; lastKnownFileType = sourcecode.c.h; name = VeResource.h; path = ../../../Source/VePower/VeResource.h; sourceTree = "<group>"; };
		653B0B901BA2F57500D5C47F /* VeResource.inl */ = {isa = PBXFileReference; fileEncoding = 4; lastKnownFileType = text; name = VeResource.inl; path = ../../../Source/VePower/VeResource.inl; sourceTree = "<group>"; };
		653B0B911BA2F57500D5C47F /* VeResourceGroup.cpp */ = {isa = PBXFileReference; fileEncoding = 4; lastKnownFileType = sourcecode.cpp.cpp; name = VeResourceGroup.cpp; path = ../../../Source/VePower/VeResourceGroup.cpp; sourceTree = "<group>"; };
		653B0B921BA2F57500D5C47F /* VeResourceGroup.h */ = {isa = PBXFileReference; fileEncoding = 4; lastKnownFileType = sourcecode.c.h; name = VeResourceGroup.h; path = ../../../Source/VePower/VeResourceGroup.h; sourceTree = "<group>"; };
		653B0B931BA2F57600D5C47F /* VeResourceGroup.inl */ = {isa = PBXFileReference; fileEncoding = 4; lastKnownFileType = text; name = VeResourceGroup.inl; path = ../../../Source/VePower/VeResourceGroup.inl; sourceTree = "<group>"; };
		653E88471B81C8EB00DDD5BF /* VeSharedLib.cpp */ = {isa = PBXFileReference; fileEncoding = 4; lastKnownFileType = sourcecode.cpp.cpp; name = VeSharedLib.cpp; path = ../../../Source/VePower/VeSharedLib.cpp; sourceTree = "<group>"; };
		653E88481B81C8EB00DDD5BF /* VeSharedLib.h */ = {isa = PBXFileReference; fileEncoding = 4; lastKnownFileType = sourcecode.c.h; name = VeSharedLib.h; path = ../../../Source/VePower/VeSharedLib.h; sourceTree = "<group>"; };
		653E88491B81C8EB00DDD5BF /* VeTime.cpp */ = {isa = PBXFileReference; fileEncoding = 4; lastKnownFileType = sourcecode.cpp.cpp; name = VeTime.cpp; path = ../../../Source/VePower/VeTime.cpp; sourceTree = "<group>"; };
		653E884A1B81C8EB00DDD5BF /* VeTime.h */ = {isa = PBXFileReference; fileEncoding = 4; lastKnownFileType = sourcecode.c.h; name = VeTime.h; path = ../../../Source/VePower/VeTime.h; sourceTree = "<group>"; };
		653E884B1B81C8EB00DDD5BF /* VeTime.inl */ = {isa = PBXFileReference; fileEncoding = 4; lastKnownFileType = text; name = VeTime.inl; path = ../../../Source/VePower/VeTime.inl; sourceTree = "<group>"; };
		653E885F1B83684D00DDD5BF /* CoreFoundation.framework */ = {isa = PBXFileReference; lastKnownFileType = wrapper.framework; name = CoreFoundation.framework; path = System/Library/Frameworks/CoreFoundation.framework; sourceTree = SDKROOT; };
		65474B591A97A165009834C9 /* libVePower.a */ = {isa = PBXFileReference; explicitFileType = archive.ar; includeInIndex = 0; path = libVePower.a; sourceTree = BUILT_PRODUCTS_DIR; };
		65474B681A97A1A8009834C9 /* VeMemObject.cpp */ = {isa = PBXFileReference; fileEncoding = 4; lastKnownFileType = sourcecode.cpp.cpp; name = VeMemObject.cpp; path = ../../../Source/VePower/VeMemObject.cpp; sourceTree = "<group>"; };
		65474B691A97A1A8009834C9 /* VeMemObject.h */ = {isa = PBXFileReference; fileEncoding = 4; lastKnownFileType = sourcecode.c.h; name = VeMemObject.h; path = ../../../Source/VePower/VeMemObject.h; sourceTree = "<group>"; };
		65474B6A1A97A1A8009834C9 /* VeMemory.cpp */ = {isa = PBXFileReference; fileEncoding = 4; lastKnownFileType = sourcecode.cpp.cpp; name = VeMemory.cpp; path = ../../../Source/VePower/VeMemory.cpp; sourceTree = "<group>"; };
		65474B6B1A97A1A8009834C9 /* VeMemory.h */ = {isa = PBXFileReference; fileEncoding = 4; lastKnownFileType = sourcecode.c.h; name = VeMemory.h; path = ../../../Source/VePower/VeMemory.h; sourceTree = "<group>"; };
		65474B6C1A97A1A8009834C9 /* VeMemory.inl */ = {isa = PBXFileReference; fileEncoding = 4; lastKnownFileType = text; name = VeMemory.inl; path = ../../../Source/VePower/VeMemory.inl; sourceTree = "<group>"; };
		65474B6E1A97A1A8009834C9 /* VePower.cpp */ = {isa = PBXFileReference; fileEncoding = 4; lastKnownFileType = sourcecode.cpp.cpp; name = VePower.cpp; path = ../../../Source/VePower/VePower.cpp; sourceTree = "<group>"; };
		65474B6F1A97A1A8009834C9 /* VePower.h */ = {isa = PBXFileReference; fileEncoding = 4; lastKnownFileType = sourcecode.c.h; name = VePower.h; path = ../../../Source/VePower/VePower.h; sourceTree = "<group>"; };
		65474B701A97A1A8009834C9 /* VePowerPch.cpp */ = {isa = PBXFileReference; fileEncoding = 4; lastKnownFileType = sourcecode.cpp.cpp; name = VePowerPch.cpp; path = ../../../Source/VePower/VePowerPch.cpp; sourceTree = "<group>"; };
		65474B711A97A1A8009834C9 /* VePowerPch.h */ = {isa = PBXFileReference; fileEncoding = 4; lastKnownFileType = sourcecode.c.h; name = VePowerPch.h; path = ../../../Source/VePower/VePowerPch.h; sourceTree = "<group>"; };
		65474B721A97A1A8009834C9 /* VeRefObject.cpp */ = {isa = PBXFileReference; fileEncoding = 4; lastKnownFileType = sourcecode.cpp.cpp; name = VeRefObject.cpp; path = ../../../Source/VePower/VeRefObject.cpp; sourceTree = "<group>"; };
		65474B731A97A1A8009834C9 /* VeRefObject.h */ = {isa = PBXFileReference; fileEncoding = 4; lastKnownFileType = sourcecode.c.h; name = VeRefObject.h; path = ../../../Source/VePower/VeRefObject.h; sourceTree = "<group>"; };
		65474B741A97A1A8009834C9 /* VeRefObject.inl */ = {isa = PBXFileReference; fileEncoding = 4; lastKnownFileType = text; name = VeRefObject.inl; path = ../../../Source/VePower/VeRefObject.inl; sourceTree = "<group>"; };
		65474B751A97A1A8009834C9 /* VeTemplate.h */ = {isa = PBXFileReference; fileEncoding = 4; lastKnownFileType = sourcecode.c.h; name = VeTemplate.h; path = ../../../Source/VePower/VeTemplate.h; sourceTree = "<group>"; };
		65474B761A97A1A8009834C9 /* VeThread.cpp */ = {isa = PBXFileReference; fileEncoding = 4; lastKnownFileType = sourcecode.cpp.cpp; name = VeThread.cpp; path = ../../../Source/VePower/VeThread.cpp; sourceTree = "<group>"; };
		65474B771A97A1A8009834C9 /* VeThread.h */ = {isa = PBXFileReference; fileEncoding = 4; lastKnownFileType = sourcecode.c.h; name = VeThread.h; path = ../../../Source/VePower/VeThread.h; sourceTree = "<group>"; };
		65474B781A97A1A8009834C9 /* VeThread.inl */ = {isa = PBXFileReference; fileEncoding = 4; lastKnownFileType = text; name = VeThread.inl; path = ../../../Source/VePower/VeThread.inl; sourceTree = "<group>"; };
		655ABB9D1AA48ED700C1DBE2 /* VeLog.cpp */ = {isa = PBXFileReference; fileEncoding = 4; lastKnownFileType = sourcecode.cpp.cpp; name = VeLog.cpp; path = ../../../Source/VePower/VeLog.cpp; sourceTree = "<group>"; };
		655ABB9E1AA48ED700C1DBE2 /* VeLog.h */ = {isa = PBXFileReference; fileEncoding = 4; lastKnownFileType = sourcecode.c.h; name = VeLog.h; path = ../../../Source/VePower/VeLog.h; sourceTree = "<group>"; };
		655ABB9F1AA48ED700C1DBE2 /* VeLog.inl */ = {isa = PBXFileReference; fileEncoding = 4; lastKnownFileType = text; name = VeLog.inl; path = ../../../Source/VePower/VeLog.inl; sourceTree = "<group>"; };
		657899BB1AA5B8CF00220531 /* VeSystem.cpp */ = {isa = PBXFileReference; fileEncoding = 4; lastKnownFileType = sourcecode.cpp.cpp; name = VeSystem.cpp; path = ../../../Source/VePower/VeSystem.cpp; sourceTree = "<group>"; };
		657899BC1AA5B8CF00220531 /* VeSystem.h */ = {isa = PBXFileReference; fileEncoding = 4; lastKnownFileType = sourcecode.c.h; name = VeSystem.h; path = ../../../Source/VePower/VeSystem.h; sourceTree = "<group>"; };
		657899BD1AA5B8CF00220531 /* VeSystem.inl */ = {isa = PBXFileReference; fileEncoding = 4; lastKnownFileType = text; name = VeSystem.inl; path = ../../../Source/VePower/VeSystem.inl; sourceTree = "<group>"; };
		657899C21AA6CCB600220531 /* VeAllocator.cpp */ = {isa = PBXFileReference; fileEncoding = 4; lastKnownFileType = sourcecode.cpp.cpp; name = VeAllocator.cpp; path = ../../../Source/VePower/VeAllocator.cpp; sourceTree = "<group>"; };
		657899C31AA6CCB600220531 /* VeAllocator.h */ = {isa = PBXFileReference; fileEncoding = 4; lastKnownFileType = sourcecode.c.h; name = VeAllocator.h; path = ../../../Source/VePower/VeAllocator.h; sourceTree = "<group>"; };
		6585E50D1AA840EC00106675 /* VeRefList.h */ = {isa = PBXFileReference; fileEncoding = 4; lastKnownFileType = sourcecode.c.h; name = VeRefList.h; path = ../../../Source/VePower/VeRefList.h; sourceTree = "<group>"; };
		65A7E96B1A98907E00FC2A37 /* VeRTTI.h */ = {isa = PBXFileReference; fileEncoding = 4; lastKnownFileType = sourcecode.c.h; name = VeRTTI.h; path = ../../../Source/VePower/VeRTTI.h; sourceTree = "<group>"; };
		65EA718F1A9A3D3200D3CE1A /* VeSmartPointer.h */ = {isa = PBXFileReference; fileEncoding = 4; lastKnownFileType = sourcecode.c.h; name = VeSmartPointer.h; path = ../../../Source/VePower/VeSmartPointer.h; sourceTree = "<group>"; };
		65EA71911A9A4F0000D3CE1A /* VeSingleton.h */ = {isa = PBXFileReference; fileEncoding = 4; lastKnownFileType = sourcecode.c.h; name = VeSingleton.h; path = ../../../Source/VePower/VeSingleton.h; sourceTree = "<group>"; };
		65EA71921A9A4F0000D3CE1A /* VeString.cpp */ = {isa = PBXFileReference; fileEncoding = 4; lastKnownFileType = sourcecode.cpp.cpp; name = VeString.cpp; path = ../../../Source/VePower/VeString.cpp; sourceTree = "<group>"; };
		65EA71931A9A4F0000D3CE1A /* VeString.h */ = {isa = PBXFileReference; fileEncoding = 4; lastKnownFileType = sourcecode.c.h; name = VeString.h; path = ../../../Source/VePower/VeString.h; sourceTree = "<group>"; };
/* End PBXFileReference section */

/* Begin PBXFrameworksBuildPhase section */
		65474B561A97A165009834C9 /* Frameworks */ = {
			isa = PBXFrameworksBuildPhase;
			buildActionMask = 2147483647;
			files = (
				653E88601B83684D00DDD5BF /* CoreFoundation.framework in Frameworks */,
			);
			runOnlyForDeploymentPostprocessing = 0;
		};
/* End PBXFrameworksBuildPhase section */

/* Begin PBXGroup section */
		6518AE7F1AAD7F8800730D1D /* Resource */ = {
			isa = PBXGroup;
			children = (
				652B050C1AB2DA8000D7597A /* VeAsset.h */,
				6518AE7A1AAD7F7F00730D1D /* VeBinaryStream.cpp */,
				6518AE7B1AAD7F7F00730D1D /* VeBinaryStream.h */,
				6518AE7C1AAD7F7F00730D1D /* VeBinaryStream.inl */,
				6518AEA51AAEEB0A00730D1D /* VeDirectory.cpp */,
				6518AEA61AAEEB0A00730D1D /* VeDirectory.h */,
				6518AEA71AAEEB0A00730D1D /* VeFile.cpp */,
				6518AEA81AAEEB0A00730D1D /* VeFile.h */,
				6518AED41AAF139F00730D1D /* VeFile.inl */,
				6518AE821AADA29100730D1D /* VeMemoryStream.cpp */,
				6518AE831AADA29100730D1D /* VeMemoryStream.h */,
				6518AE841AADA29100730D1D /* VeMemoryStream.inl */,
				653B0B8E1BA2F57500D5C47F /* VeResource.cpp */,
				653B0B8F1BA2F57500D5C47F /* VeResource.h */,
				653B0B901BA2F57500D5C47F /* VeResource.inl */,
				653B0B911BA2F57500D5C47F /* VeResourceGroup.cpp */,
				653B0B921BA2F57500D5C47F /* VeResourceGroup.h */,
				653B0B931BA2F57600D5C47F /* VeResourceGroup.inl */,
				6518AEA91AAEEB0A00730D1D /* VeResourceManager.cpp */,
				6518AEAA1AAEEB0A00730D1D /* VeResourceManager.h */,
				6518AEAB1AAEEB0A00730D1D /* VeResourceManager.inl */,
			);
			name = Resource;
			sourceTree = "<group>";
		};
		653B0B881BA2F55300D5C47F /* Parser */ = {
			isa = PBXGroup;
			children = (
				653B0B8A1BA2F57500D5C47F /* VeJSON.cpp */,
				653B0B8B1BA2F57500D5C47F /* VeJSON.h */,
				653B0B8C1BA2F57500D5C47F /* VeParser.cpp */,
				653B0B8D1BA2F57500D5C47F /* VeParser.h */,
			);
			name = Parser;
			sourceTree = "<group>";
		};
		653E88611B83685B00DDD5BF /* Frameworks */ = {
			isa = PBXGroup;
			children = (
				653E885F1B83684D00DDD5BF /* CoreFoundation.framework */,
			);
			name = Frameworks;
			sourceTree = "<group>";
		};
		65474B501A97A165009834C9 = {
			isa = PBXGroup;
			children = (
				65474B661A97A16C009834C9 /* Kernel */,
				653B0B881BA2F55300D5C47F /* Parser */,
				65AE5F8D1A97A505009A841E /* Pch */,
				6518AE7F1AAD7F8800730D1D /* Resource */,
				65AE5F8E1A97A519009A841E /* Template */,
				653E88611B83685B00DDD5BF /* Frameworks */,
				65474B5A1A97A165009834C9 /* Products */,
			);
			sourceTree = "<group>";
		};
		65474B5A1A97A165009834C9 /* Products */ = {
			isa = PBXGroup;
			children = (
				65474B591A97A165009834C9 /* libVePower.a */,
			);
			name = Products;
			sourceTree = "<group>";
		};
		65474B661A97A16C009834C9 /* Kernel */ = {
			isa = PBXGroup;
			children = (
				657899C21AA6CCB600220531 /* VeAllocator.cpp */,
				657899C31AA6CCB600220531 /* VeAllocator.h */,
				65179ECD1AA743AC00B7E4E9 /* VeAllocator.inl */,
				652EE6611B836E7F005CA802 /* VeCPUInfo.cpp */,
				652EE6621B836E7F005CA802 /* VeCPUInfo.h */,
				655ABB9D1AA48ED700C1DBE2 /* VeLog.cpp */,
				655ABB9E1AA48ED700C1DBE2 /* VeLog.h */,
				655ABB9F1AA48ED700C1DBE2 /* VeLog.inl */,
				65474B681A97A1A8009834C9 /* VeMemObject.cpp */,
				65474B691A97A1A8009834C9 /* VeMemObject.h */,
				65474B6A1A97A1A8009834C9 /* VeMemory.cpp */,
				65474B6B1A97A1A8009834C9 /* VeMemory.h */,
				65474B6C1A97A1A8009834C9 /* VeMemory.inl */,
				65474B6E1A97A1A8009834C9 /* VePower.cpp */,
				65474B6F1A97A1A8009834C9 /* VePower.h */,
				65474B721A97A1A8009834C9 /* VeRefObject.cpp */,
				65474B731A97A1A8009834C9 /* VeRefObject.h */,
				65474B741A97A1A8009834C9 /* VeRefObject.inl */,
				653E88471B81C8EB00DDD5BF /* VeSharedLib.cpp */,
				653E88481B81C8EB00DDD5BF /* VeSharedLib.h */,
				65EA71921A9A4F0000D3CE1A /* VeString.cpp */,
				65EA71931A9A4F0000D3CE1A /* VeString.h */,
				657899BB1AA5B8CF00220531 /* VeSystem.cpp */,
				657899BC1AA5B8CF00220531 /* VeSystem.h */,
				657899BD1AA5B8CF00220531 /* VeSystem.inl */,
				6518AEA01AAEEADA00730D1D /* VeTaskQueue.cpp */,
				6518AEA11AAEEADA00730D1D /* VeTaskQueue.h */,
				6518AEA21AAEEADA00730D1D /* VeTaskQueue.inl */,
				65474B761A97A1A8009834C9 /* VeThread.cpp */,
				65474B771A97A1A8009834C9 /* VeThread.h */,
				65474B781A97A1A8009834C9 /* VeThread.inl */,
				653E88491B81C8EB00DDD5BF /* VeTime.cpp */,
				653E884A1B81C8EB00DDD5BF /* VeTime.h */,
				653E884B1B81C8EB00DDD5BF /* VeTime.inl */,
			);
			name = Kernel;
			sourceTree = "<group>";
		};
		65AE5F8D1A97A505009A841E /* Pch */ = {
			isa = PBXGroup;
			children = (
				65474B701A97A1A8009834C9 /* VePowerPch.cpp */,
				65474B711A97A1A8009834C9 /* VePowerPch.h */,
			);
			name = Pch;
			sourceTree = "<group>";
		};
		65AE5F8E1A97A519009A841E /* Template */ = {
			isa = PBXGroup;
			children = (
				6585E50D1AA840EC00106675 /* VeRefList.h */,
				65A7E96B1A98907E00FC2A37 /* VeRTTI.h */,
				65EA71911A9A4F0000D3CE1A /* VeSingleton.h */,
				65EA718F1A9A3D3200D3CE1A /* VeSmartPointer.h */,
				65474B751A97A1A8009834C9 /* VeTemplate.h */,
			);
			name = Template;
			sourceTree = "<group>";
		};
/* End PBXGroup section */

/* Begin PBXHeadersBuildPhase section */
		65474B571A97A165009834C9 /* Headers */ = {
			isa = PBXHeadersBuildPhase;
			buildActionMask = 2147483647;
			files = (
				653E88501B81CB2F00DDD5BF /* VeAllocator.inl in Headers */,
				653E88511B81CB2F00DDD5BF /* VeLog.inl in Headers */,
				653E88521B81CB2F00DDD5BF /* VeMemory.inl in Headers */,
				653B0B951BA2F57600D5C47F /* VeJSON.h in Headers */,
				653E88531B81CB2F00DDD5BF /* VeRefObject.inl in Headers */,
				653E88541B81CB2F00DDD5BF /* VeSystem.inl in Headers */,
				653E88551B81CB2F00DDD5BF /* VeTaskQueue.inl in Headers */,
				653E88561B81CB2F00DDD5BF /* VeThread.inl in Headers */,
				653E88571B81CB2F00DDD5BF /* VeTime.inl in Headers */,
				653E88581B81CB2F00DDD5BF /* VeBinaryStream.inl in Headers */,
				653E88591B81CB2F00DDD5BF /* VeFile.inl in Headers */,
				653E885A1B81CB2F00DDD5BF /* VeMemoryStream.inl in Headers */,
				653E885B1B81CB2F00DDD5BF /* VeResourceManager.inl in Headers */,
				653B0B991BA2F57600D5C47F /* VeResource.h in Headers */,
				65474B841A97A1A8009834C9 /* VeRefObject.h in Headers */,
				65474B851A97A1A8009834C9 /* VeTemplate.h in Headers */,
				6518AEAF1AAEEB0A00730D1D /* VeFile.h in Headers */,
				653B0B9B1BA2F57600D5C47F /* VeResourceGroup.h in Headers */,
				6518AE861AADA29100730D1D /* VeMemoryStream.h in Headers */,
				657899BF1AA5B8CF00220531 /* VeSystem.h in Headers */,
				65474B7D1A97A1A8009834C9 /* VeMemory.h in Headers */,
				652B050E1AB2DA8100D7597A /* VeAsset.h in Headers */,
				6518AE7E1AAD7F7F00730D1D /* VeBinaryStream.h in Headers */,
				652EE6641B836E7F005CA802 /* VeCPUInfo.h in Headers */,
				6585E50E1AA840EC00106675 /* VeRefList.h in Headers */,
				65EA71901A9A3D3200D3CE1A /* VeSmartPointer.h in Headers */,
				65A7E96E1A98907E00FC2A37 /* VeRTTI.h in Headers */,
				65474B871A97A1A8009834C9 /* VeThread.h in Headers */,
				6518AEAD1AAEEB0A00730D1D /* VeDirectory.h in Headers */,
				6518AEA41AAEEADA00730D1D /* VeTaskQueue.h in Headers */,
				655ABBA11AA48ED700C1DBE2 /* VeLog.h in Headers */,
				653E884D1B81C8EB00DDD5BF /* VeSharedLib.h in Headers */,
				6518AEB11AAEEB0A00730D1D /* VeResourceManager.h in Headers */,
				65474B821A97A1A8009834C9 /* VePowerPch.h in Headers */,
				653E884F1B81C8EB00DDD5BF /* VeTime.h in Headers */,
				657899C71AA6CCB600220531 /* VeAllocator.h in Headers */,
				65EA71961A9A4F0000D3CE1A /* VeString.h in Headers */,
				653B0B971BA2F57600D5C47F /* VeParser.h in Headers */,
				65EA71941A9A4F0000D3CE1A /* VeSingleton.h in Headers */,
				65474B7B1A97A1A8009834C9 /* VeMemObject.h in Headers */,
				65474B801A97A1A8009834C9 /* VePower.h in Headers */,
			);
			runOnlyForDeploymentPostprocessing = 0;
		};
/* End PBXHeadersBuildPhase section */

/* Begin PBXNativeTarget section */
		65474B581A97A165009834C9 /* VePower */ = {
			isa = PBXNativeTarget;
			buildConfigurationList = 65474B5D1A97A165009834C9 /* Build configuration list for PBXNativeTarget "VePower" */;
			buildPhases = (
				65474B551A97A165009834C9 /* Sources */,
				65474B561A97A165009834C9 /* Frameworks */,
				65474B571A97A165009834C9 /* Headers */,
				65474B8B1A97A29A009834C9 /* CopyFiles */,
				65474B8D1A97A2CB009834C9 /* CopyFiles */,
			);
			buildRules = (
			);
			dependencies = (
			);
			name = VePower;
			productName = VePower;
			productReference = 65474B591A97A165009834C9 /* libVePower.a */;
			productType = "com.apple.product-type.library.static";
		};
/* End PBXNativeTarget section */

/* Begin PBXProject section */
		65474B511A97A165009834C9 /* Project object */ = {
			isa = PBXProject;
			attributes = {
				LastUpgradeCheck = 0620;
				ORGANIZATIONNAME = Napoleon;
				TargetAttributes = {
					65474B581A97A165009834C9 = {
						CreatedOnToolsVersion = 6.1.1;
					};
				};
			};
			buildConfigurationList = 65474B541A97A165009834C9 /* Build configuration list for PBXProject "VePower" */;
			compatibilityVersion = "Xcode 3.2";
			developmentRegion = English;
			hasScannedForEncodings = 0;
			knownRegions = (
				en,
			);
			mainGroup = 65474B501A97A165009834C9;
			productRefGroup = 65474B5A1A97A165009834C9 /* Products */;
			projectDirPath = "";
			projectRoot = "";
			targets = (
				65474B581A97A165009834C9 /* VePower */,
			);
		};
/* End PBXProject section */

/* Begin PBXSourcesBuildPhase section */
		65474B551A97A165009834C9 /* Sources */ = {
			isa = PBXSourcesBuildPhase;
			buildActionMask = 2147483647;
			files = (
				65474B861A97A1A8009834C9 /* VeThread.cpp in Sources */,
				652EE6631B836E7F005CA802 /* VeCPUInfo.cpp in Sources */,
				65474B831A97A1A8009834C9 /* VeRefObject.cpp in Sources */,
				65EA71951A9A4F0000D3CE1A /* VeString.cpp in Sources */,
				6518AE7D1AAD7F7F00730D1D /* VeBinaryStream.cpp in Sources */,
				653B0B961BA2F57600D5C47F /* VeParser.cpp in Sources */,
				657899BE1AA5B8CF00220531 /* VeSystem.cpp in Sources */,
				6518AEAE1AAEEB0A00730D1D /* VeFile.cpp in Sources */,
				6518AE851AADA29100730D1D /* VeMemoryStream.cpp in Sources */,
				65474B7A1A97A1A8009834C9 /* VeMemObject.cpp in Sources */,
				653E884E1B81C8EB00DDD5BF /* VeTime.cpp in Sources */,
				6518AEAC1AAEEB0A00730D1D /* VeDirectory.cpp in Sources */,
				65474B7C1A97A1A8009834C9 /* VeMemory.cpp in Sources */,
				65474B811A97A1A8009834C9 /* VePowerPch.cpp in Sources */,
				65474B7F1A97A1A8009834C9 /* VePower.cpp in Sources */,
				6518AEB01AAEEB0A00730D1D /* VeResourceManager.cpp in Sources */,
				657899C61AA6CCB600220531 /* VeAllocator.cpp in Sources */,
				653B0B941BA2F57600D5C47F /* VeJSON.cpp in Sources */,
				653E884C1B81C8EB00DDD5BF /* VeSharedLib.cpp in Sources */,
				653B0B9A1BA2F57600D5C47F /* VeResourceGroup.cpp in Sources */,
				655ABBA01AA48ED700C1DBE2 /* VeLog.cpp in Sources */,
				6518AEA31AAEEADA00730D1D /* VeTaskQueue.cpp in Sources */,
				653B0B981BA2F57600D5C47F /* VeResource.cpp in Sources */,
			);
			runOnlyForDeploymentPostprocessing = 0;
		};
/* End PBXSourcesBuildPhase section */

/* Begin XCBuildConfiguration section */
		65474B5B1A97A165009834C9 /* Debug */ = {
			isa = XCBuildConfiguration;
			buildSettings = {
				ALWAYS_SEARCH_USER_PATHS = NO;
				CLANG_CXX_LANGUAGE_STANDARD = "gnu++0x";
				CLANG_CXX_LIBRARY = "libc++";
				CLANG_ENABLE_MODULES = YES;
				CLANG_ENABLE_OBJC_ARC = YES;
				CLANG_WARN_BOOL_CONVERSION = YES;
				CLANG_WARN_CONSTANT_CONVERSION = YES;
				CLANG_WARN_DIRECT_OBJC_ISA_USAGE = YES_ERROR;
				CLANG_WARN_EMPTY_BODY = YES;
				CLANG_WARN_ENUM_CONVERSION = YES;
				CLANG_WARN_INT_CONVERSION = YES;
				CLANG_WARN_OBJC_ROOT_CLASS = YES_ERROR;
				CLANG_WARN_UNREACHABLE_CODE = YES;
				CLANG_WARN__DUPLICATE_METHOD_MATCH = YES;
				COPY_PHASE_STRIP = NO;
				ENABLE_STRICT_OBJC_MSGSEND = YES;
				GCC_C_LANGUAGE_STANDARD = gnu99;
				GCC_DYNAMIC_NO_PIC = NO;
				GCC_OPTIMIZATION_LEVEL = 0;
				GCC_PREPROCESSOR_DEFINITIONS = (
					"DEBUG=1",
					"$(inherited)",
				);
				GCC_SYMBOLS_PRIVATE_EXTERN = NO;
				GCC_WARN_64_TO_32_BIT_CONVERSION = YES;
				GCC_WARN_ABOUT_RETURN_TYPE = YES_ERROR;
				GCC_WARN_UNDECLARED_SELECTOR = YES;
				GCC_WARN_UNINITIALIZED_AUTOS = YES_AGGRESSIVE;
				GCC_WARN_UNUSED_FUNCTION = YES;
				GCC_WARN_UNUSED_VARIABLE = YES;
				MACOSX_DEPLOYMENT_TARGET = 10.10;
				MTL_ENABLE_DEBUG_INFO = YES;
				ONLY_ACTIVE_ARCH = YES;
				SDKROOT = macosx;
			};
			name = Debug;
		};
		65474B5C1A97A165009834C9 /* Release */ = {
			isa = XCBuildConfiguration;
			buildSettings = {
				ALWAYS_SEARCH_USER_PATHS = NO;
				CLANG_CXX_LANGUAGE_STANDARD = "gnu++0x";
				CLANG_CXX_LIBRARY = "libc++";
				CLANG_ENABLE_MODULES = YES;
				CLANG_ENABLE_OBJC_ARC = YES;
				CLANG_WARN_BOOL_CONVERSION = YES;
				CLANG_WARN_CONSTANT_CONVERSION = YES;
				CLANG_WARN_DIRECT_OBJC_ISA_USAGE = YES_ERROR;
				CLANG_WARN_EMPTY_BODY = YES;
				CLANG_WARN_ENUM_CONVERSION = YES;
				CLANG_WARN_INT_CONVERSION = YES;
				CLANG_WARN_OBJC_ROOT_CLASS = YES_ERROR;
				CLANG_WARN_UNREACHABLE_CODE = YES;
				CLANG_WARN__DUPLICATE_METHOD_MATCH = YES;
				COPY_PHASE_STRIP = YES;
				DEBUG_INFORMATION_FORMAT = "dwarf-with-dsym";
				ENABLE_NS_ASSERTIONS = NO;
				ENABLE_STRICT_OBJC_MSGSEND = YES;
				GCC_C_LANGUAGE_STANDARD = gnu99;
				GCC_WARN_64_TO_32_BIT_CONVERSION = YES;
				GCC_WARN_ABOUT_RETURN_TYPE = YES_ERROR;
				GCC_WARN_UNDECLARED_SELECTOR = YES;
				GCC_WARN_UNINITIALIZED_AUTOS = YES_AGGRESSIVE;
				GCC_WARN_UNUSED_FUNCTION = YES;
				GCC_WARN_UNUSED_VARIABLE = YES;
				MACOSX_DEPLOYMENT_TARGET = 10.10;
				MTL_ENABLE_DEBUG_INFO = NO;
				SDKROOT = macosx;
			};
			name = Release;
		};
		65474B5E1A97A165009834C9 /* Debug */ = {
			isa = XCBuildConfiguration;
			buildSettings = {
				CLANG_CXX_LANGUAGE_STANDARD = "gnu++14";
				COMBINE_HIDPI_IMAGES = YES;
				EXECUTABLE_PREFIX = lib;
				GCC_PREPROCESSOR_DEFINITIONS = (
					VE_DEBUG,
					VE_PLATFORM_OSX,
					VE_CPU_X64,
					VE_STATIC_LIB,
					"$(inherited)",
				);
				HEADER_SEARCH_PATHS = (
					"$(inherited)",
					/Applications/Xcode.app/Contents/Developer/Toolchains/XcodeDefault.xctoolchain/usr/include,
					"$(VENUS3D_PATH)/SDK/Prebuild/Include",
					"$(VENUS3D_PATH)/Externals",
				);
				OTHER_CPLUSPLUSFLAGS = (
					"-O0",
					"-fno-rtti",
					"$(OTHER_CFLAGS)",
				);
				PRODUCT_NAME = "$(TARGET_NAME)";
			};
			name = Debug;
		};
		65474B5F1A97A165009834C9 /* Release */ = {
			isa = XCBuildConfiguration;
			buildSettings = {
				CLANG_CXX_LANGUAGE_STANDARD = "gnu++14";
				COMBINE_HIDPI_IMAGES = YES;
				EXECUTABLE_PREFIX = lib;
				GCC_PREPROCESSOR_DEFINITIONS = (
					VE_RELEASE,
					VE_PLATFORM_OSX,
					VE_CPU_X64,
					VE_STATIC_LIB,
					"$(inherited)",
				);
				HEADER_SEARCH_PATHS = (
					"$(inherited)",
					/Applications/Xcode.app/Contents/Developer/Toolchains/XcodeDefault.xctoolchain/usr/include,
					"$(VENUS3D_PATH)/SDK/Prebuild/Include",
					"$(VENUS3D_PATH)/Externals",
				);
				OTHER_CPLUSPLUSFLAGS = (
					"-O3",
					"-fno-rtti",
					"$(OTHER_CFLAGS)",
				);
				PRODUCT_NAME = "$(TARGET_NAME)";
			};
			name = Release;
		};
/* End XCBuildConfiguration section */

/* Begin XCConfigurationList section */
		65474B541A97A165009834C9 /* Build configuration list for PBXProject "VePower" */ = {
			isa = XCConfigurationList;
			buildConfigurations = (
				65474B5B1A97A165009834C9 /* Debug */,
				65474B5C1A97A165009834C9 /* Release */,
			);
			defaultConfigurationIsVisible = 0;
			defaultConfigurationName = Release;
		};
		65474B5D1A97A165009834C9 /* Build configuration list for PBXNativeTarget "VePower" */ = {
			isa = XCConfigurationList;
			buildConfigurations = (
				65474B5E1A97A165009834C9 /* Debug */,
				65474B5F1A97A165009834C9 /* Release */,
			);
			defaultConfigurationIsVisible = 0;
			defaultConfigurationName = Release;
		};
/* End XCConfigurationList section */
	};
	rootObject = 65474B511A97A165009834C9 /* Project object */;
}
