<?xml version="1.0" encoding="utf-8"?>
<Project ToolsVersion="4.0" xmlns="http://schemas.microsoft.com/developer/msbuild/2003">
  <ItemGroup>
    <Filter Include="Source Files">
      <UniqueIdentifier>{4FC737F1-C7A5-4376-A066-2A32D752A2FF}</UniqueIdentifier>
      <Extensions>cpp;c;cc;cxx;def;odl;idl;hpj;bat;asm;asmx</Extensions>
    </Filter>
    <Filter Include="Header Files">
      <UniqueIdentifier>{93995380-89BD-4b04-88EB-625FBE52EBFB}</UniqueIdentifier>
      <Extensions>h;hh;hpp;hxx;hm;inl;inc;xsd</Extensions>
    </Filter>
    <Filter Include="Utility">
      <UniqueIdentifier>{67DA6AB6-F800-4c08-8B7A-83BB121AAD01}</UniqueIdentifier>
      <Extensions>rc;ico;cur;bmp;dlg;rc2;rct;bin;rgs;gif;jpg;jpeg;jpe;resx;tiff;tif;png;wav;mfcribbon-ms</Extensions>
    </Filter>
  </ItemGroup>
  <ItemGroup>
    <ClCompile Include="Main.cpp">
      <Filter>Source Files</Filter>
    </ClCompile>
    <ClCompile Include="FBXConvertor.cpp">
      <Filter>Source Files</Filter>
    </ClCompile>
    <ClCompile Include="Utility\DirectXMeshAdjacency.cpp">
      <Filter>Utility</Filter>
    </ClCompile>
    <ClCompile Include="Utility\DirectXMeshClean.cpp">
      <Filter>Utility</Filter>
    </ClCompile>
    <ClCompile Include="Utility\DirectXMeshGSAdjacency.cpp">
      <Filter>Utility</Filter>
    </ClCompile>
    <ClCompile Include="Utility\DirectXMeshNormals.cpp">
      <Filter>Utility</Filter>
    </ClCompile>
    <ClCompile Include="Utility\DirectXMeshOptimize.cpp">
      <Filter>Utility</Filter>
    </ClCompile>
    <ClCompile Include="Utility\DirectXMeshRemap.cpp">
      <Filter>Utility</Filter>
    </ClCompile>
    <ClCompile Include="Utility\DirectXMeshTangentFrame.cpp">
      <Filter>Utility</Filter>
    </ClCompile>
    <ClCompile Include="Utility\DirectXMeshUtil.cpp">
      <Filter>Utility</Filter>
    </ClCompile>
    <ClCompile Include="Utility\DirectXMeshValidate.cpp">
      <Filter>Utility</Filter>
    </ClCompile>
    <ClCompile Include="Utility\DirectXMeshVBReader.cpp">
      <Filter>Utility</Filter>
    </ClCompile>
    <ClCompile Include="Utility\DirectXMeshVBWriter.cpp">
      <Filter>Utility</Filter>
    </ClCompile>
    <ClCompile Include="Mesh.cpp">
      <Filter>Source Files</Filter>
    </ClCompile>
  </ItemGroup>
  <ItemGroup>
    <ClInclude Include="FBXConvertor.h">
      <Filter>Source Files</Filter>
    </ClInclude>
    <ClInclude Include="Utility\DirectXMesh.h">
      <Filter>Utility</Filter>
    </ClInclude>
    <ClInclude Include="Utility\DirectXMeshP.h">
      <Filter>Utility</Filter>
    </ClInclude>
    <ClInclude Include="Utility\scoped.h">
      <Filter>Utility</Filter>
    </ClInclude>
    <ClInclude Include="Mesh.h">
      <Filter>Source Files</Filter>
    </ClInclude>
  </ItemGroup>
  <ItemGroup>
    <None Include="Utility\DirectXMesh.inl">
      <Filter>Utility</Filter>
    </None>
  </ItemGroup>
</Project>