// !$*UTF8*$!
{
	archiveVersion = 1;
	classes = {
	};
	objectVersion = 46;
	objects = {

/* Begin PBXBuildFile section */
		65179EB51AA6E45F00B7E4E9 /* liblualib.a in Frameworks */ = {isa = PBXBuildFile; fileRef = 65179EB41AA6E45F00B7E4E9 /* liblualib.a */; };
		6518AEE51AB03EF700730D1D /* RunEnv in Resources */ = {isa = PBXBuildFile; fileRef = 6518AEE41AB03EF700730D1D /* RunEnv */; };
		654107021A9C59020024B24B /* libVePower.a in Frameworks */ = {isa = PBXBuildFile; fileRef = 654107011A9C59020024B24B /* libVePower.a */; };
		656AA7ED1A9792FD00FCA780 /* Images.xcassets in Resources */ = {isa = PBXBuildFile; fileRef = 656AA7EC1A9792FD00FCA780 /* Images.xcassets */; };
		656AA8211A9794FA00FCA780 /* VePowerTestMain.cpp in Sources */ = {isa = PBXBuildFile; fileRef = 656AA8201A9794FA00FCA780 /* VePowerTestMain.cpp */; };
/* End PBXBuildFile section */

/* Begin PBXFileReference section */
		65179EB41AA6E45F00B7E4E9 /* liblualib.a */ = {isa = PBXFileReference; lastKnownFileType = archive.ar; name = liblualib.a; path = "../lualib/build/Debug-iphoneos/liblualib.a"; sourceTree = "<group>"; };
		6518AEE41AB03EF700730D1D /* RunEnv */ = {isa = PBXFileReference; lastKnownFileType = folder; name = RunEnv; path = ../../../Binaries/RunEnv; sourceTree = "<group>"; };
		654107011A9C59020024B24B /* libVePower.a */ = {isa = PBXFileReference; lastKnownFileType = archive.ar; name = libVePower.a; path = "../VePower/build/Debug-iphoneos/libVePower.a"; sourceTree = "<group>"; };
		656AA7D81A9792FD00FCA780 /* VePowerTest.app */ = {isa = PBXFileReference; explicitFileType = wrapper.application; includeInIndex = 0; path = VePowerTest.app; sourceTree = BUILT_PRODUCTS_DIR; };
		656AA7DC1A9792FD00FCA780 /* Info.plist */ = {isa = PBXFileReference; lastKnownFileType = text.plist.xml; path = Info.plist; sourceTree = "<group>"; };
		656AA7EC1A9792FD00FCA780 /* Images.xcassets */ = {isa = PBXFileReference; lastKnownFileType = folder.assetcatalog; path = Images.xcassets; sourceTree = "<group>"; };
		656AA8201A9794FA00FCA780 /* VePowerTestMain.cpp */ = {isa = PBXFileReference; fileEncoding = 4; lastKnownFileType = sourcecode.cpp.cpp; name = VePowerTestMain.cpp; path = ../../../../Tests/VePowerTest/VePowerTestMain.cpp; sourceTree = "<group>"; };
/* End PBXFileReference section */

/* Begin PBXFrameworksBuildPhase section */
		656AA7D51A9792FD00FCA780 /* Frameworks */ = {
			isa = PBXFrameworksBuildPhase;
			buildActionMask = 2147483647;
			files = (
				65179EB51AA6E45F00B7E4E9 /* liblualib.a in Frameworks */,
				654107021A9C59020024B24B /* libVePower.a in Frameworks */,
			);
			runOnlyForDeploymentPostprocessing = 0;
		};
/* End PBXFrameworksBuildPhase section */

/* Begin PBXGroup section */
		6515362B1A979844007538C2 /* Frameworks */ = {
			isa = PBXGroup;
			children = (
				65179EB41AA6E45F00B7E4E9 /* liblualib.a */,
				654107011A9C59020024B24B /* libVePower.a */,
			);
			name = Frameworks;
			sourceTree = "<group>";
		};
		6518AEE61AB03F0600730D1D /* Resource */ = {
			isa = PBXGroup;
			children = (
				6518AEE41AB03EF700730D1D /* RunEnv */,
			);
			name = Resource;
			sourceTree = "<group>";
		};
		656AA7CF1A9792FD00FCA780 = {
			isa = PBXGroup;
			children = (
				656AA7DA1A9792FD00FCA780 /* Source Files */,
				6518AEE61AB03F0600730D1D /* Resource */,
				6515362B1A979844007538C2 /* Frameworks */,
				656AA7D91A9792FD00FCA780 /* Products */,
			);
			sourceTree = "<group>";
		};
		656AA7D91A9792FD00FCA780 /* Products */ = {
			isa = PBXGroup;
			children = (
				656AA7D81A9792FD00FCA780 /* VePowerTest.app */,
			);
			name = Products;
			sourceTree = "<group>";
		};
		656AA7DA1A9792FD00FCA780 /* Source Files */ = {
			isa = PBXGroup;
			children = (
				656AA8201A9794FA00FCA780 /* VePowerTestMain.cpp */,
				656AA7DB1A9792FD00FCA780 /* Supporting Files */,
			);
			name = "Source Files";
			path = VePowerTest;
			sourceTree = "<group>";
		};
		656AA7DB1A9792FD00FCA780 /* Supporting Files */ = {
			isa = PBXGroup;
			children = (
				656AA7EC1A9792FD00FCA780 /* Images.xcassets */,
				656AA7DC1A9792FD00FCA780 /* Info.plist */,
			);
			name = "Supporting Files";
			sourceTree = "<group>";
		};
/* End PBXGroup section */

/* Begin PBXNativeTarget section */
		656AA7D71A9792FD00FCA780 /* VePowerTest */ = {
			isa = PBXNativeTarget;
			buildConfigurationList = 656AA7FF1A9792FD00FCA780 /* Build configuration list for PBXNativeTarget "VePowerTest" */;
			buildPhases = (
				656AA7D41A9792FD00FCA780 /* Sources */,
				656AA7D51A9792FD00FCA780 /* Frameworks */,
				656AA7D61A9792FD00FCA780 /* Resources */,
			);
			buildRules = (
			);
			dependencies = (
			);
			name = VePowerTest;
			productName = VePowerTest;
			productReference = 656AA7D81A9792FD00FCA780 /* VePowerTest.app */;
			productType = "com.apple.product-type.application";
		};
/* End PBXNativeTarget section */

/* Begin PBXProject section */
		656AA7D01A9792FD00FCA780 /* Project object */ = {
			isa = PBXProject;
			attributes = {
				LastUpgradeCheck = 0610;
				ORGANIZATIONNAME = Napoleon;
				TargetAttributes = {
					656AA7D71A9792FD00FCA780 = {
						CreatedOnToolsVersion = 6.1.1;
					};
				};
			};
			buildConfigurationList = 656AA7D31A9792FD00FCA780 /* Build configuration list for PBXProject "VePowerTest" */;
			compatibilityVersion = "Xcode 3.2";
			developmentRegion = English;
			hasScannedForEncodings = 0;
			knownRegions = (
				en,
				Base,
			);
			mainGroup = 656AA7CF1A9792FD00FCA780;
			productRefGroup = 656AA7D91A9792FD00FCA780 /* Products */;
			projectDirPath = "";
			projectRoot = "";
			targets = (
				656AA7D71A9792FD00FCA780 /* VePowerTest */,
			);
		};
/* End PBXProject section */

/* Begin PBXResourcesBuildPhase section */
		656AA7D61A9792FD00FCA780 /* Resources */ = {
			isa = PBXResourcesBuildPhase;
			buildActionMask = 2147483647;
			files = (
				6518AEE51AB03EF700730D1D /* RunEnv in Resources */,
				656AA7ED1A9792FD00FCA780 /* Images.xcassets in Resources */,
			);
			runOnlyForDeploymentPostprocessing = 0;
		};
/* End PBXResourcesBuildPhase section */

/* Begin PBXSourcesBuildPhase section */
		656AA7D41A9792FD00FCA780 /* Sources */ = {
			isa = PBXSourcesBuildPhase;
			buildActionMask = 2147483647;
			files = (
				656AA8211A9794FA00FCA780 /* VePowerTestMain.cpp in Sources */,
			);
			runOnlyForDeploymentPostprocessing = 0;
		};
/* End PBXSourcesBuildPhase section */

/* Begin XCBuildConfiguration section */
		656AA7FD1A9792FD00FCA780 /* Debug */ = {
			isa = XCBuildConfiguration;
			buildSettings = {
				ALWAYS_SEARCH_USER_PATHS = NO;
				CLANG_CXX_LANGUAGE_STANDARD = "gnu++0x";
				CLANG_CXX_LIBRARY = "libc++";
				CLANG_ENABLE_MODULES = YES;
				CLANG_ENABLE_OBJC_ARC = YES;
				CLANG_WARN_BOOL_CONVERSION = YES;
				CLANG_WARN_CONSTANT_CONVERSION = YES;
				CLANG_WARN_DIRECT_OBJC_ISA_USAGE = YES_ERROR;
				CLANG_WARN_EMPTY_BODY = YES;
				CLANG_WARN_ENUM_CONVERSION = YES;
				CLANG_WARN_INT_CONVERSION = YES;
				CLANG_WARN_OBJC_ROOT_CLASS = YES_ERROR;
				CLANG_WARN_UNREACHABLE_CODE = YES;
				CLANG_WARN__DUPLICATE_METHOD_MATCH = YES;
				"CODE_SIGN_IDENTITY[sdk=iphoneos*]" = "iPhone Developer";
				COPY_PHASE_STRIP = NO;
				ENABLE_STRICT_OBJC_MSGSEND = YES;
				GCC_C_LANGUAGE_STANDARD = gnu99;
				GCC_DYNAMIC_NO_PIC = NO;
				GCC_OPTIMIZATION_LEVEL = 0;
				GCC_PREPROCESSOR_DEFINITIONS = (
					"DEBUG=1",
					"$(inherited)",
				);
				GCC_SYMBOLS_PRIVATE_EXTERN = NO;
				GCC_WARN_64_TO_32_BIT_CONVERSION = YES;
				GCC_WARN_ABOUT_RETURN_TYPE = YES_ERROR;
				GCC_WARN_UNDECLARED_SELECTOR = YES;
				GCC_WARN_UNINITIALIZED_AUTOS = YES_AGGRESSIVE;
				GCC_WARN_UNUSED_FUNCTION = YES;
				GCC_WARN_UNUSED_VARIABLE = YES;
				IPHONEOS_DEPLOYMENT_TARGET = 7.0;
				MTL_ENABLE_DEBUG_INFO = YES;
				ONLY_ACTIVE_ARCH = YES;
				SDKROOT = iphoneos;
				TARGETED_DEVICE_FAMILY = "1,2";
			};
			name = Debug;
		};
		656AA7FE1A9792FD00FCA780 /* Release */ = {
			isa = XCBuildConfiguration;
			buildSettings = {
				ALWAYS_SEARCH_USER_PATHS = NO;
				CLANG_CXX_LANGUAGE_STANDARD = "gnu++0x";
				CLANG_CXX_LIBRARY = "libc++";
				CLANG_ENABLE_MODULES = YES;
				CLANG_ENABLE_OBJC_ARC = YES;
				CLANG_WARN_BOOL_CONVERSION = YES;
				CLANG_WARN_CONSTANT_CONVERSION = YES;
				CLANG_WARN_DIRECT_OBJC_ISA_USAGE = YES_ERROR;
				CLANG_WARN_EMPTY_BODY = YES;
				CLANG_WARN_ENUM_CONVERSION = YES;
				CLANG_WARN_INT_CONVERSION = YES;
				CLANG_WARN_OBJC_ROOT_CLASS = YES_ERROR;
				CLANG_WARN_UNREACHABLE_CODE = YES;
				CLANG_WARN__DUPLICATE_METHOD_MATCH = YES;
				"CODE_SIGN_IDENTITY[sdk=iphoneos*]" = "iPhone Developer";
				COPY_PHASE_STRIP = YES;
				ENABLE_NS_ASSERTIONS = NO;
				ENABLE_STRICT_OBJC_MSGSEND = YES;
				GCC_C_LANGUAGE_STANDARD = gnu99;
				GCC_WARN_64_TO_32_BIT_CONVERSION = YES;
				GCC_WARN_ABOUT_RETURN_TYPE = YES_ERROR;
				GCC_WARN_UNDECLARED_SELECTOR = YES;
				GCC_WARN_UNINITIALIZED_AUTOS = YES_AGGRESSIVE;
				GCC_WARN_UNUSED_FUNCTION = YES;
				GCC_WARN_UNUSED_VARIABLE = YES;
				IPHONEOS_DEPLOYMENT_TARGET = 7.0;
				MTL_ENABLE_DEBUG_INFO = NO;
				SDKROOT = iphoneos;
				TARGETED_DEVICE_FAMILY = "1,2";
				VALIDATE_PRODUCT = YES;
			};
			name = Release;
		};
		656AA8001A9792FD00FCA780 /* Debug */ = {
			isa = XCBuildConfiguration;
			buildSettings = {
				ASSETCATALOG_COMPILER_APPICON_NAME = AppIcon;
				ASSETCATALOG_COMPILER_LAUNCHIMAGE_NAME = LaunchImage;
				CLANG_CXX_LANGUAGE_STANDARD = "gnu++14";
				GCC_PREPROCESSOR_DEFINITIONS = (
					VE_DEBUG,
					VE_PLATFORM_IOS,
					VE_CPU_ARM,
					VE_STATIC_LIB,
					"$(inherited)",
				);
				HEADER_SEARCH_PATHS = (
					"$(inherited)",
					/Applications/Xcode.app/Contents/Developer/Toolchains/XcodeDefault.xctoolchain/usr/include,
					"$(VENUS3D_PATH)/SDK/Include",
					"$(VENUS3D_PATH)/Externals",
				);
				INFOPLIST_FILE = VePowerTest/Info.plist;
				LD_RUNPATH_SEARCH_PATHS = "$(inherited) @executable_path/Frameworks";
				LIBRARY_SEARCH_PATHS = (
					"$(inherited)",
					"$(VENUS3D_PATH)/SDK/IOS/${CONFIGURATION}-${PLATFORM_NAME}",
					"$(VENUS3D_PATH)/SDK/Prebuild/IOS/${CONFIGURATION}-${PLATFORM_NAME}",
				);
				OTHER_CPLUSPLUSFLAGS = (
					"-O0",
					"-fno-rtti",
					"$(OTHER_CFLAGS)",
				);
				PRODUCT_NAME = "$(TARGET_NAME)";
			};
			name = Debug;
		};
		656AA8011A9792FD00FCA780 /* Release */ = {
			isa = XCBuildConfiguration;
			buildSettings = {
				ASSETCATALOG_COMPILER_APPICON_NAME = AppIcon;
				ASSETCATALOG_COMPILER_LAUNCHIMAGE_NAME = LaunchImage;
				CLANG_CXX_LANGUAGE_STANDARD = "gnu++14";
				GCC_PREPROCESSOR_DEFINITIONS = (
					VE_RELEASE,
					VE_PLATFORM_IOS,
					VE_CPU_ARM,
					VE_STATIC_LIB,
					"$(inherited)",
				);
				HEADER_SEARCH_PATHS = (
					"$(inherited)",
					/Applications/Xcode.app/Contents/Developer/Toolchains/XcodeDefault.xctoolchain/usr/include,
					"$(VENUS3D_PATH)/SDK/Include",
					"$(VENUS3D_PATH)/Externals",
				);
				INFOPLIST_FILE = VePowerTest/Info.plist;
				LD_RUNPATH_SEARCH_PATHS = "$(inherited) @executable_path/Frameworks";
				LIBRARY_SEARCH_PATHS = (
					"$(inherited)",
					"$(VENUS3D_PATH)/SDK/IOS/${CONFIGURATION}-${PLATFORM_NAME}",
					"$(VENUS3D_PATH)/SDK/Prebuild/IOS/${CONFIGURATION}-${PLATFORM_NAME}",
				);
				OTHER_CPLUSPLUSFLAGS = (
					"-O3",
					"-fno-rtti",
					"$(OTHER_CFLAGS)",
				);
				PRODUCT_NAME = "$(TARGET_NAME)";
			};
			name = Release;
		};
/* End XCBuildConfiguration section */

/* Begin XCConfigurationList section */
		656AA7D31A9792FD00FCA780 /* Build configuration list for PBXProject "VePowerTest" */ = {
			isa = XCConfigurationList;
			buildConfigurations = (
				656AA7FD1A9792FD00FCA780 /* Debug */,
				656AA7FE1A9792FD00FCA780 /* Release */,
			);
			defaultConfigurationIsVisible = 0;
			defaultConfigurationName = Release;
		};
		656AA7FF1A9792FD00FCA780 /* Build configuration list for PBXNativeTarget "VePowerTest" */ = {
			isa = XCConfigurationList;
			buildConfigurations = (
				656AA8001A9792FD00FCA780 /* Debug */,
				656AA8011A9792FD00FCA780 /* Release */,
			);
			defaultConfigurationIsVisible = 0;
			defaultConfigurationName = Release;
		};
/* End XCConfigurationList section */
	};
	rootObject = 656AA7D01A9792FD00FCA780 /* Project object */;
}
