<?xml version="1.0" encoding="utf-8"?>
<Project ToolsVersion="4.0" xmlns="http://schemas.microsoft.com/developer/msbuild/2003">
  <ItemGroup>
    <Filter Include="Source">
      <UniqueIdentifier>{4FC737F1-C7A5-4376-A066-2A32D752A2FF}</UniqueIdentifier>
      <Extensions>cpp;c;cc;cxx;def;odl;idl;hpj;bat;asm;asmx</Extensions>
    </Filter>
  </ItemGroup>
  <ItemGroup>
    <ClCompile Include="..\..\..\..\Externals\lualib\lapi.c">
      <Filter>Source</Filter>
    </ClCompile>
    <ClCompile Include="..\..\..\..\Externals\lualib\lauxlib.c">
      <Filter>Source</Filter>
    </ClCompile>
    <ClCompile Include="..\..\..\..\Externals\lualib\lbaselib.c">
      <Filter>Source</Filter>
    </ClCompile>
    <ClCompile Include="..\..\..\..\Externals\lualib\lbitlib.c">
      <Filter>Source</Filter>
    </ClCompile>
    <ClCompile Include="..\..\..\..\Externals\lualib\lcode.c">
      <Filter>Source</Filter>
    </ClCompile>
    <ClCompile Include="..\..\..\..\Externals\lualib\lcorolib.c">
      <Filter>Source</Filter>
    </ClCompile>
    <ClCompile Include="..\..\..\..\Externals\lualib\lctype.c">
      <Filter>Source</Filter>
    </ClCompile>
    <ClCompile Include="..\..\..\..\Externals\lualib\ldblib.c">
      <Filter>Source</Filter>
    </ClCompile>
    <ClCompile Include="..\..\..\..\Externals\lualib\ldebug.c">
      <Filter>Source</Filter>
    </ClCompile>
    <ClCompile Include="..\..\..\..\Externals\lualib\ldo.c">
      <Filter>Source</Filter>
    </ClCompile>
    <ClCompile Include="..\..\..\..\Externals\lualib\ldump.c">
      <Filter>Source</Filter>
    </ClCompile>
    <ClCompile Include="..\..\..\..\Externals\lualib\lfunc.c">
      <Filter>Source</Filter>
    </ClCompile>
    <ClCompile Include="..\..\..\..\Externals\lualib\lgc.c">
      <Filter>Source</Filter>
    </ClCompile>
    <ClCompile Include="..\..\..\..\Externals\lualib\linit.c">
      <Filter>Source</Filter>
    </ClCompile>
    <ClCompile Include="..\..\..\..\Externals\lualib\liolib.c">
      <Filter>Source</Filter>
    </ClCompile>
    <ClCompile Include="..\..\..\..\Externals\lualib\llex.c">
      <Filter>Source</Filter>
    </ClCompile>
    <ClCompile Include="..\..\..\..\Externals\lualib\lmathlib.c">
      <Filter>Source</Filter>
    </ClCompile>
    <ClCompile Include="..\..\..\..\Externals\lualib\lmem.c">
      <Filter>Source</Filter>
    </ClCompile>
    <ClCompile Include="..\..\..\..\Externals\lualib\loadlib.c">
      <Filter>Source</Filter>
    </ClCompile>
    <ClCompile Include="..\..\..\..\Externals\lualib\lobject.c">
      <Filter>Source</Filter>
    </ClCompile>
    <ClCompile Include="..\..\..\..\Externals\lualib\lopcodes.c">
      <Filter>Source</Filter>
    </ClCompile>
    <ClCompile Include="..\..\..\..\Externals\lualib\loslib.c">
      <Filter>Source</Filter>
    </ClCompile>
    <ClCompile Include="..\..\..\..\Externals\lualib\lparser.c">
      <Filter>Source</Filter>
    </ClCompile>
    <ClCompile Include="..\..\..\..\Externals\lualib\lstate.c">
      <Filter>Source</Filter>
    </ClCompile>
    <ClCompile Include="..\..\..\..\Externals\lualib\lstring.c">
      <Filter>Source</Filter>
    </ClCompile>
    <ClCompile Include="..\..\..\..\Externals\lualib\lstrlib.c">
      <Filter>Source</Filter>
    </ClCompile>
    <ClCompile Include="..\..\..\..\Externals\lualib\ltable.c">
      <Filter>Source</Filter>
    </ClCompile>
    <ClCompile Include="..\..\..\..\Externals\lualib\ltablib.c">
      <Filter>Source</Filter>
    </ClCompile>
    <ClCompile Include="..\..\..\..\Externals\lualib\ltm.c">
      <Filter>Source</Filter>
    </ClCompile>
    <ClCompile Include="..\..\..\..\Externals\lualib\lundump.c">
      <Filter>Source</Filter>
    </ClCompile>
    <ClCompile Include="..\..\..\..\Externals\lualib\lutf8lib.c">
      <Filter>Source</Filter>
    </ClCompile>
    <ClCompile Include="..\..\..\..\Externals\lualib\lvm.c">
      <Filter>Source</Filter>
    </ClCompile>
    <ClCompile Include="..\..\..\..\Externals\lualib\lzio.c">
      <Filter>Source</Filter>
    </ClCompile>
  </ItemGroup>
  <ItemGroup>
    <ClInclude Include="..\..\..\..\Externals\lualib\lapi.h">
      <Filter>Source</Filter>
    </ClInclude>
    <ClInclude Include="..\..\..\..\Externals\lualib\lauxlib.h">
      <Filter>Source</Filter>
    </ClInclude>
    <ClInclude Include="..\..\..\..\Externals\lualib\lcode.h">
      <Filter>Source</Filter>
    </ClInclude>
    <ClInclude Include="..\..\..\..\Externals\lualib\lctype.h">
      <Filter>Source</Filter>
    </ClInclude>
    <ClInclude Include="..\..\..\..\Externals\lualib\ldebug.h">
      <Filter>Source</Filter>
    </ClInclude>
    <ClInclude Include="..\..\..\..\Externals\lualib\ldo.h">
      <Filter>Source</Filter>
    </ClInclude>
    <ClInclude Include="..\..\..\..\Externals\lualib\lfunc.h">
      <Filter>Source</Filter>
    </ClInclude>
    <ClInclude Include="..\..\..\..\Externals\lualib\lgc.h">
      <Filter>Source</Filter>
    </ClInclude>
    <ClInclude Include="..\..\..\..\Externals\lualib\llex.h">
      <Filter>Source</Filter>
    </ClInclude>
    <ClInclude Include="..\..\..\..\Externals\lualib\llimits.h">
      <Filter>Source</Filter>
    </ClInclude>
    <ClInclude Include="..\..\..\..\Externals\lualib\lmem.h">
      <Filter>Source</Filter>
    </ClInclude>
    <ClInclude Include="..\..\..\..\Externals\lualib\lobject.h">
      <Filter>Source</Filter>
    </ClInclude>
    <ClInclude Include="..\..\..\..\Externals\lualib\lopcodes.h">
      <Filter>Source</Filter>
    </ClInclude>
    <ClInclude Include="..\..\..\..\Externals\lualib\lparser.h">
      <Filter>Source</Filter>
    </ClInclude>
    <ClInclude Include="..\..\..\..\Externals\lualib\lprefix.h">
      <Filter>Source</Filter>
    </ClInclude>
    <ClInclude Include="..\..\..\..\Externals\lualib\lstate.h">
      <Filter>Source</Filter>
    </ClInclude>
    <ClInclude Include="..\..\..\..\Externals\lualib\lstring.h">
      <Filter>Source</Filter>
    </ClInclude>
    <ClInclude Include="..\..\..\..\Externals\lualib\ltable.h">
      <Filter>Source</Filter>
    </ClInclude>
    <ClInclude Include="..\..\..\..\Externals\lualib\ltm.h">
      <Filter>Source</Filter>
    </ClInclude>
    <ClInclude Include="..\..\..\..\Externals\lualib\lua.h">
      <Filter>Source</Filter>
    </ClInclude>
    <ClInclude Include="..\..\..\..\Externals\lualib\luaconf.h">
      <Filter>Source</Filter>
    </ClInclude>
    <ClInclude Include="..\..\..\..\Externals\lualib\lualib.h">
      <Filter>Source</Filter>
    </ClInclude>
    <ClInclude Include="..\..\..\..\Externals\lualib\lundump.h">
      <Filter>Source</Filter>
    </ClInclude>
    <ClInclude Include="..\..\..\..\Externals\lualib\lvm.h">
      <Filter>Source</Filter>
    </ClInclude>
    <ClInclude Include="..\..\..\..\Externals\lualib\lzio.h">
      <Filter>Source</Filter>
    </ClInclude>
  </ItemGroup>
</Project>