<?xml version="1.0" encoding="utf-8"?>
<Project ToolsVersion="4.0" xmlns="http://schemas.microsoft.com/developer/msbuild/2003">
  <ItemGroup>
    <Filter Include="Kernel">
      <UniqueIdentifier>{93995380-89BD-4b04-88EB-625FBE52EBFB}</UniqueIdentifier>
      <Extensions>h;hh;hpp;hxx;hm;inl;inc;xsd</Extensions>
    </Filter>
    <Filter Include="Pch">
      <UniqueIdentifier>{6b4dab2b-c255-45c8-85ed-f16c856c9c12}</UniqueIdentifier>
    </Filter>
    <Filter Include="Renderer">
      <UniqueIdentifier>{fed6f588-c149-4340-8737-01f4b8b1439b}</UniqueIdentifier>
    </Filter>
    <Filter Include="Renderer\D3D12">
      <UniqueIdentifier>{1a1b891c-de74-420f-a524-4d74a6e04c64}</UniqueIdentifier>
    </Filter>
    <Filter Include="Events">
      <UniqueIdentifier>{a41cdc50-d387-484b-b181-f5f118607dd7}</UniqueIdentifier>
    </Filter>
    <Filter Include="Video">
      <UniqueIdentifier>{942ad8de-80f6-4ddc-b8c7-cc93e5d9fa80}</UniqueIdentifier>
    </Filter>
    <Filter Include="Events\Windows">
      <UniqueIdentifier>{9bbe7f33-27a6-437c-80b8-e757eabc21d3}</UniqueIdentifier>
    </Filter>
    <Filter Include="Video\Windows">
      <UniqueIdentifier>{3ee0f218-bf41-4cbf-8ccf-277b0e3d2da0}</UniqueIdentifier>
    </Filter>
    <Filter Include="Math">
      <UniqueIdentifier>{fbd137b4-8dda-4740-9df3-f1dc1991b110}</UniqueIdentifier>
    </Filter>
  </ItemGroup>
  <ItemGroup>
    <ClInclude Include="..\..\..\..\Source\VeMain\VeMain.h">
      <Filter>Kernel</Filter>
    </ClInclude>
    <ClInclude Include="..\..\..\..\Source\VeMain\VeMainPch.h">
      <Filter>Pch</Filter>
    </ClInclude>
    <ClInclude Include="..\..\..\..\Source\VeMain\VeEngine.h">
      <Filter>Kernel</Filter>
    </ClInclude>
    <ClInclude Include="..\..\..\..\Source\VeMain\VeRenderer.h">
      <Filter>Renderer</Filter>
    </ClInclude>
    <ClInclude Include="..\..\..\..\Source\VeMain\Windows\WindowsMouse.h">
      <Filter>Events\Windows</Filter>
    </ClInclude>
    <ClInclude Include="..\..\..\..\Source\VeMain\VeEvents.h">
      <Filter>Events</Filter>
    </ClInclude>
    <ClInclude Include="..\..\..\..\Source\VeMain\VeKeyboard.h">
      <Filter>Events</Filter>
    </ClInclude>
    <ClInclude Include="..\..\..\..\Source\VeMain\VeMouse.h">
      <Filter>Events</Filter>
    </ClInclude>
    <ClInclude Include="..\..\..\..\Source\VeMain\Windows\WindowsVideo.h">
      <Filter>Video\Windows</Filter>
    </ClInclude>
    <ClInclude Include="..\..\..\..\Source\VeMain\VePixel.h">
      <Filter>Video</Filter>
    </ClInclude>
    <ClInclude Include="..\..\..\..\Source\VeMain\VeSurface.h">
      <Filter>Video</Filter>
    </ClInclude>
    <ClInclude Include="..\..\..\..\Source\VeMain\VeVideo.h">
      <Filter>Video</Filter>
    </ClInclude>
    <ClInclude Include="..\..\..\..\Source\VeMain\VeWindow.h">
      <Filter>Video</Filter>
    </ClInclude>
    <ClInclude Include="..\..\..\..\Source\VeMain\VeRect.h">
      <Filter>Video</Filter>
    </ClInclude>
    <ClInclude Include="..\..\..\..\Source\VeMain\VeMath.h">
      <Filter>Math</Filter>
    </ClInclude>
    <ClInclude Include="..\..\..\..\Source\VeMain\VeVector2.h">
      <Filter>Math</Filter>
    </ClInclude>
    <ClInclude Include="..\..\..\..\Source\VeMain\VeVector3.h">
      <Filter>Math</Filter>
    </ClInclude>
    <ClInclude Include="..\..\..\..\Source\VeMain\VeVector4.h">
      <Filter>Math</Filter>
    </ClInclude>
    <ClInclude Include="..\..\..\..\Source\VeMain\VeMathSIMD.inl">
      <Filter>Math</Filter>
    </ClInclude>
    <ClInclude Include="..\..\..\..\Source\VeMain\VeRenderWindow.h">
      <Filter>Renderer</Filter>
    </ClInclude>
    <ClInclude Include="..\..\..\..\Source\VeMain\D3D12\VeRendererD3D12.h">
      <Filter>Renderer\D3D12</Filter>
    </ClInclude>
    <ClInclude Include="..\..\..\..\Source\VeMain\D3D12\VeRendererWindowD3D12.h">
      <Filter>Renderer\D3D12</Filter>
    </ClInclude>
    <ClInclude Include="..\..\..\..\Source\VeMain\VeQuaternion.h">
      <Filter>Math</Filter>
    </ClInclude>
    <ClInclude Include="..\..\..\..\Source\VeMain\VeMatrix.h">
      <Filter>Math</Filter>
    </ClInclude>
    <ClInclude Include="..\..\..\..\Source\VeMain\VeMathMisc.inl">
      <Filter>Math</Filter>
    </ClInclude>
    <ClInclude Include="..\..\..\..\Source\VeMain\VeRenderBuffer.h">
      <Filter>Renderer</Filter>
    </ClInclude>
    <ClInclude Include="..\..\..\..\Source\VeMain\D3D12\VeRenderBufferD3D12.h">
      <Filter>Renderer\D3D12</Filter>
    </ClInclude>
  </ItemGroup>
  <ItemGroup>
    <ClCompile Include="..\..\..\..\Source\VeMain\VeMain.cpp">
      <Filter>Kernel</Filter>
    </ClCompile>
    <ClCompile Include="..\..\..\..\Source\VeMain\VeMainPch.cpp">
      <Filter>Pch</Filter>
    </ClCompile>
    <ClCompile Include="..\..\..\..\Source\VeMain\VeEngine.cpp">
      <Filter>Kernel</Filter>
    </ClCompile>
    <ClCompile Include="..\..\..\..\Source\VeMain\VeRenderer.cpp">
      <Filter>Renderer</Filter>
    </ClCompile>
    <ClCompile Include="..\..\..\..\Source\VeMain\Windows\WindowsMouse.cpp">
      <Filter>Events\Windows</Filter>
    </ClCompile>
    <ClCompile Include="..\..\..\..\Source\VeMain\VeEvents.cpp">
      <Filter>Events</Filter>
    </ClCompile>
    <ClCompile Include="..\..\..\..\Source\VeMain\VeKeyboard.cpp">
      <Filter>Events</Filter>
    </ClCompile>
    <ClCompile Include="..\..\..\..\Source\VeMain\VeMouse.cpp">
      <Filter>Events</Filter>
    </ClCompile>
    <ClCompile Include="..\..\..\..\Source\VeMain\Windows\WindowsVideo.cpp">
      <Filter>Video\Windows</Filter>
    </ClCompile>
    <ClCompile Include="..\..\..\..\Source\VeMain\VePixel.cpp">
      <Filter>Video</Filter>
    </ClCompile>
    <ClCompile Include="..\..\..\..\Source\VeMain\VeSurface.cpp">
      <Filter>Video</Filter>
    </ClCompile>
    <ClCompile Include="..\..\..\..\Source\VeMain\VeVideo.cpp">
      <Filter>Video</Filter>
    </ClCompile>
    <ClCompile Include="..\..\..\..\Source\VeMain\VeWindow.cpp">
      <Filter>Video</Filter>
    </ClCompile>
    <ClCompile Include="..\..\..\..\Source\VeMain\VeRect.cpp">
      <Filter>Video</Filter>
    </ClCompile>
    <ClCompile Include="..\..\..\..\Source\VeMain\VeMath.cpp">
      <Filter>Math</Filter>
    </ClCompile>
    <ClCompile Include="..\..\..\..\Source\VeMain\VeVector2.cpp">
      <Filter>Math</Filter>
    </ClCompile>
    <ClCompile Include="..\..\..\..\Source\VeMain\VeVector3.cpp">
      <Filter>Math</Filter>
    </ClCompile>
    <ClCompile Include="..\..\..\..\Source\VeMain\VeVector4.cpp">
      <Filter>Math</Filter>
    </ClCompile>
    <ClCompile Include="..\..\..\..\Source\VeMain\VeRenderWindow.cpp">
      <Filter>Renderer</Filter>
    </ClCompile>
    <ClCompile Include="..\..\..\..\Source\VeMain\D3D12\VeRendererD3D12.cpp">
      <Filter>Renderer\D3D12</Filter>
    </ClCompile>
    <ClCompile Include="..\..\..\..\Source\VeMain\D3D12\VeRendererWindowD3D12.cpp">
      <Filter>Renderer\D3D12</Filter>
    </ClCompile>
    <ClCompile Include="..\..\..\..\Source\VeMain\VeQuaternion.cpp">
      <Filter>Math</Filter>
    </ClCompile>
    <ClCompile Include="..\..\..\..\Source\VeMain\VeMatrix.cpp">
      <Filter>Math</Filter>
    </ClCompile>
    <ClCompile Include="..\..\..\..\Source\VeMain\VeRenderBuffer.cpp">
      <Filter>Renderer</Filter>
    </ClCompile>
    <ClCompile Include="..\..\..\..\Source\VeMain\D3D12\VeRenderBufferD3D12.cpp">
      <Filter>Renderer\D3D12</Filter>
    </ClCompile>
  </ItemGroup>
  <ItemGroup>
    <None Include="..\..\..\..\Source\VeMain\VeRenderer.inl">
      <Filter>Renderer</Filter>
    </None>
    <None Include="..\..\..\..\Source\VeMain\VeEngine.inl">
      <Filter>Kernel</Filter>
    </None>
    <None Include="..\..\..\..\Source\VeMain\VeKeyboard.inl">
      <Filter>Events</Filter>
    </None>
    <None Include="..\..\..\..\Source\VeMain\VeMouse.inl">
      <Filter>Events</Filter>
    </None>
    <None Include="..\..\..\..\Source\VeMain\VePixel.inl">
      <Filter>Video</Filter>
    </None>
    <None Include="..\..\..\..\Source\VeMain\VeSurface.inl">
      <Filter>Video</Filter>
    </None>
    <None Include="..\..\..\..\Source\VeMain\VeVideo.inl">
      <Filter>Video</Filter>
    </None>
    <None Include="..\..\..\..\Source\VeMain\VeWindow.inl">
      <Filter>Video</Filter>
    </None>
    <None Include="..\..\..\..\Source\VeMain\VeRect.inl">
      <Filter>Video</Filter>
    </None>
    <None Include="..\..\..\..\Source\VeMain\VeVector2.inl">
      <Filter>Math</Filter>
    </None>
    <None Include="..\..\..\..\Source\VeMain\VeVector3.inl">
      <Filter>Math</Filter>
    </None>
    <None Include="..\..\..\..\Source\VeMain\VeVector4.inl">
      <Filter>Math</Filter>
    </None>
    <None Include="..\..\..\..\Source\VeMain\VeMathConvert.inl">
      <Filter>Math</Filter>
    </None>
    <None Include="..\..\..\..\Source\VeMain\VeMathVector.inl">
      <Filter>Math</Filter>
    </None>
    <None Include="..\..\..\..\Source\VeMain\VeMathMatrix.inl">
      <Filter>Math</Filter>
    </None>
    <None Include="..\..\..\..\Source\VeMain\VeRenderWindow.inl">
      <Filter>Renderer</Filter>
    </None>
    <None Include="..\..\..\..\Source\VeMain\VeQuaternion.inl">
      <Filter>Math</Filter>
    </None>
    <None Include="..\..\..\..\Source\VeMain\VeMatrix.inl">
      <Filter>Math</Filter>
    </None>
    <None Include="..\..\..\..\Source\VeMain\VeRenderBuffer.inl">
      <Filter>Renderer</Filter>
    </None>
  </ItemGroup>
</Project>